// !$*UTF8*$!
{
	archiveVersion = 1;
	classes = {
	};
	objectVersion = 56;
	objects = {

/* Begin PBXBuildFile section */
		1E5F600DA95717E5B412B8C4 /* ColorExtensions.swift in Sources */ = {isa = PBXBuildFile; fileRef = 1E5F66D7C71D4118FD020D09 /* ColorExtensions.swift */; };
		1E5F6017CD3E443E0DC10BF7 /* SwiftUIRouterHomeViewTests.swift in Sources */ = {isa = PBXBuildFile; fileRef = 1E5F6A47658A9C4AF39B488F /* SwiftUIRouterHomeViewTests.swift */; };
		1E5F6079305957AE21B5B4BB /* FakeFavouriteAssetsManager.swift in Sources */ = {isa = PBXBuildFile; fileRef = 1E5F6AFFC7F205830280B067 /* FakeFavouriteAssetsManager.swift */; };
		1E5F607D6CFF4E3B2F043FE9 /* AssetsProvider.swift in Sources */ = {isa = PBXBuildFile; fileRef = 1E5F6ED10B46873CECD4E769 /* AssetsProvider.swift */; };
		1E5F607E4114DFF0FB78AFF7 /* GetAssetsRatesRequest.swift in Sources */ = {isa = PBXBuildFile; fileRef = 1E5F678251E7C86105EEF14B /* GetAssetsRatesRequest.swift */; };
		1E5F60C4FE4AEDFDCCD9D9B9 /* DataExtensions.swift in Sources */ = {isa = PBXBuildFile; fileRef = 1E5F693AA1A3ECC8667C52DA /* DataExtensions.swift */; };
		1E5F614E095516995D424833 /* FakeNavigator.swift in Sources */ = {isa = PBXBuildFile; fileRef = 1E5F6CD9ED55CE38F4BB3EAD /* FakeNavigator.swift */; };
		1E5F6189EA46DC63152DEAEB /* AppInfoFlowCoordinator.swift in Sources */ = {isa = PBXBuildFile; fileRef = 1E5F64D05FD121699541E96B /* AppInfoFlowCoordinator.swift */; };
		1E5F61C91AE57E59A19C2453 /* AssetDetailsView.swift in Sources */ = {isa = PBXBuildFile; fileRef = 1E5F6E349CB72B2C6B2258BC /* AssetDetailsView.swift */; };
		1E5F61CF6AC48C22B1D2396C /* FakeAssetsProvider.swift in Sources */ = {isa = PBXBuildFile; fileRef = 1E5F6D641B30D05D26E6FE03 /* FakeAssetsProvider.swift */; };
		1E5F621225E06818D1EA2C4C /* CellStyles.swift in Sources */ = {isa = PBXBuildFile; fileRef = 1E5F66B7C599512A61C0AF02 /* CellStyles.swift */; };
		1E5F6237FA399CA1FDFC964A /* UIKitNavigationRouter.swift in Sources */ = {isa = PBXBuildFile; fileRef = 1E5F6FFF1F4FE7CE4513C3CD /* UIKitNavigationRouter.swift */; };
		1E5F629F4FA4352566D43781 /* GetAllAssetsRequest.swift in Sources */ = {isa = PBXBuildFile; fileRef = 1E5F643C13E91E6B9CD3C121 /* GetAllAssetsRequest.swift */; };
		1E5F62F61DA12BE05DA65BC3 /* AppConfiguration.swift in Sources */ = {isa = PBXBuildFile; fileRef = 1E5F62B96BA2BD6CF1B6A96F /* AppConfiguration.swift */; };
		1E5F630214DA0C2CA32107E3 /* AssetDetailsViewModel.swift in Sources */ = {isa = PBXBuildFile; fileRef = 1E5F6A7520CA58C80FF53D7C /* AssetDetailsViewModel.swift */; };
		1E5F6384731A399F1FE7EC7C /* FakeSwiftUINavigationRouter.swift in Sources */ = {isa = PBXBuildFile; fileRef = 1E5F67597A450FA03D79FBD4 /* FakeSwiftUINavigationRouter.swift */; };
		1E5F63B07B24C9B588BDF489 /* SwiftUIRouterAssetsListViewModel.swift in Sources */ = {isa = PBXBuildFile; fileRef = 1E5F6C4424E9237374C9B43E /* SwiftUIRouterAssetsListViewModel.swift */; };
		1E5F63FD142A37308336F761 /* AssetPrice.swift in Sources */ = {isa = PBXBuildFile; fileRef = 1E5F61502B84D29CC2CD70EB /* AssetPrice.swift */; };
		1E5F641395C5BB7E0BBDBC0F /* SnapshottingExtensions.swift in Sources */ = {isa = PBXBuildFile; fileRef = 1E5F6CF6F2A93781697838CF /* SnapshottingExtensions.swift */; };
		1E5F6413EC0D9B72E2241835 /* FakeAssetsRatesProvider.swift in Sources */ = {isa = PBXBuildFile; fileRef = 1E5F6C738A4881C798C93A14 /* FakeAssetsRatesProvider.swift */; };
		1E5F64A9523213A865E850B4 /* EditAssetViewData.swift in Sources */ = {isa = PBXBuildFile; fileRef = 1E5F62B76C71DB987CC38D90 /* EditAssetViewData.swift */; };
		1E5F64D812A28AE9C61F5654 /* UIViewExtension.swift in Sources */ = {isa = PBXBuildFile; fileRef = 1E5F63C5B93C64ECFD7B250D /* UIViewExtension.swift */; };
		1E5F64E11B13700DEBD34FCD /* LoaderView.swift in Sources */ = {isa = PBXBuildFile; fileRef = 1E5F6A2ADAD32E86720C4618 /* LoaderView.swift */; };
		1E5F64EEE83605707C061341 /* DateProvider.swift in Sources */ = {isa = PBXBuildFile; fileRef = 1E5F6054E015178D9AFCEF0C /* DateProvider.swift */; };
		1E5F64F58F81A683EABF9241 /* FakeFlowCoordinator.swift in Sources */ = {isa = PBXBuildFile; fileRef = 1E5F64715F68F6BBB5DAF527 /* FakeFlowCoordinator.swift */; };
		1E5F65268F5915DA83C6C07B /* DateFormatterExtensions.swift in Sources */ = {isa = PBXBuildFile; fileRef = 1E5F621D2D85C1D85A7AA6EB /* DateFormatterExtensions.swift */; };
		1E5F6558A524D1A3E6A530C5 /* AssetHistoricalRate.swift in Sources */ = {isa = PBXBuildFile; fileRef = 1E5F68A8E8FD64DB4034812A /* AssetHistoricalRate.swift */; };
		1E5F6579522804EB7E27BB30 /* MainAppFlowCoordinatorTests.swift in Sources */ = {isa = PBXBuildFile; fileRef = 1E5F69C1F6E2D701EDAA30BB /* MainAppFlowCoordinatorTests.swift */; };
		1E5F658963BE56E11B8DDA27 /* FakeDependencyProvider.swift in Sources */ = {isa = PBXBuildFile; fileRef = 1E5F693FEBBD51213CB5A878 /* FakeDependencyProvider.swift */; };
		1E5F65A7159F26AE5184160F /* AppInfoViewModel.swift in Sources */ = {isa = PBXBuildFile; fileRef = 1E5F6F3610C2E447CFCA4D56 /* AppInfoViewModel.swift */; };
		1E5F65AD89483BFA15C4A631 /* XCTestCaseSnapshotExtensions.swift in Sources */ = {isa = PBXBuildFile; fileRef = 1E5F66FB4102C86221E00D50 /* XCTestCaseSnapshotExtensions.swift */; };
		1E5F65C6FA0D8DE93B6D76D0 /* ViewComponent.swift in Sources */ = {isa = PBXBuildFile; fileRef = 1E5F6E7B2A5B22986A6546EE /* ViewComponent.swift */; };
		1E5F66058EA934388B12BC4E /* ViewExtensions.swift in Sources */ = {isa = PBXBuildFile; fileRef = 1E5F62C7F7EA51AF3A91A8D1 /* ViewExtensions.swift */; };
		1E5F660E0EA31ED2D6BF4AC8 /* PreviewFixtures.swift in Sources */ = {isa = PBXBuildFile; fileRef = 1E5F6DB75761609FE4E69ACF /* PreviewFixtures.swift */; };
		1E5F662295189AA73CAFBCD4 /* EditAssetViewModel.swift in Sources */ = {isa = PBXBuildFile; fileRef = 1E5F62F3481D313C944ACFA8 /* EditAssetViewModel.swift */; };
		1E5F6640F0B7D7B35954CD55 /* SwiftUINavigationHelpers.swift in Sources */ = {isa = PBXBuildFile; fileRef = 1E5F6906889C57FA4B4B18AD /* SwiftUINavigationHelpers.swift */; };
		1E5F6677B6C419E56E874B90 /* PrimaryButton.swift in Sources */ = {isa = PBXBuildFile; fileRef = 1E5F6ACF56D04137AD3CEF1A /* PrimaryButton.swift */; };
		1E5F6693486C7D375CA4D46A /* FlowCoordinatorFactory.swift in Sources */ = {isa = PBXBuildFile; fileRef = 1E5F68E48A3A9DDA311A80C8 /* FlowCoordinatorFactory.swift */; };
		1E5F669EA5F1A077646423EF /* AssetsListView.swift in Sources */ = {isa = PBXBuildFile; fileRef = 1E5F6495BD778A68B283DE93 /* AssetsListView.swift */; };
		1E5F66EA138913FBE2B872CE /* UIApplicationExtensions.swift in Sources */ = {isa = PBXBuildFile; fileRef = 1E5F6AFD51A287CB2B0DD32F /* UIApplicationExtensions.swift */; };
		1E5F670E616A66C3A3A06023 /* PopupDismissHandler.swift in Sources */ = {isa = PBXBuildFile; fileRef = 1E5F615290428A3160AB6EBD /* PopupDismissHandler.swift */; };
		1E5F670ED38F9A5470831FFA /* SwiftUIRouterHomeView.swift in Sources */ = {isa = PBXBuildFile; fileRef = 1E5F6D800C8D56BBC0583BF1 /* SwiftUIRouterHomeView.swift */; };
		1E5F673C725480D1C460E8F5 /* UIKitNavigationRouterTests.swift in Sources */ = {isa = PBXBuildFile; fileRef = 1E5F628C0DED74EDCD784FBE /* UIKitNavigationRouterTests.swift */; };
		1E5F674324488CED3B65E96D /* PopupRoute.swift in Sources */ = {isa = PBXBuildFile; fileRef = 1E5F6978DB94ED509A012D9D /* PopupRoute.swift */; };
		1E5F674483DB660ABA0D5066 /* HistoricalAssetRatesProvider.swift in Sources */ = {isa = PBXBuildFile; fileRef = 1E5F6756B29F085E048BE334 /* HistoricalAssetRatesProvider.swift */; };
		1E5F67524A9EC8BA04B29AAC /* AssetsRatesProvider.swift in Sources */ = {isa = PBXBuildFile; fileRef = 1E5F62CB7AFAC634BC18399F /* AssetsRatesProvider.swift */; };
		1E5F675F142ABC55301C4A76 /* UIKitRouterAppInfoViewModel.swift in Sources */ = {isa = PBXBuildFile; fileRef = 1E5F6D9A86EF37996C14E689 /* UIKitRouterAppInfoViewModel.swift */; };
		1E5F67A937F4910533C00E5A /* SwiftUIRouterEditAssetViewModel.swift in Sources */ = {isa = PBXBuildFile; fileRef = 1E5F66E0810409D23BBDC24B /* SwiftUIRouterEditAssetViewModel.swift */; };
		1E5F67B06416348FB75F0BE7 /* EditAssetView.swift in Sources */ = {isa = PBXBuildFile; fileRef = 1E5F639D79A4E8968413F3EB /* EditAssetView.swift */; };
		1E5F67D56BB2A81B3059B228 /* DependencyProvider.swift in Sources */ = {isa = PBXBuildFile; fileRef = 1E5F65C256BD8DB488CD5C4A /* DependencyProvider.swift */; };
		1E5F67FA36EBB6557A600BFD /* Navigator.swift in Sources */ = {isa = PBXBuildFile; fileRef = 1E5F647A13070B3EF3FE332C /* Navigator.swift */; };
		1E5F68000B7C9986CD5511E6 /* NavigationRoute.swift in Sources */ = {isa = PBXBuildFile; fileRef = 1E5F66A82E08E494DAA212F9 /* NavigationRoute.swift */; };
		1E5F680F8256D9B892A016AF /* UIKitRouterEditAssetViewModel.swift in Sources */ = {isa = PBXBuildFile; fileRef = 1E5F6BDB9696133C585F4B94 /* UIKitRouterEditAssetViewModel.swift */; };
		1E5F68AB95C7433F4AD0D530 /* AppInfoRoute.swift in Sources */ = {isa = PBXBuildFile; fileRef = 1E5F6C2BC688391D87A080AF /* AppInfoRoute.swift */; };
		1E5F68EB3479D9D877AE188D /* UIKitRouterAssetDetailsViewModel.swift in Sources */ = {isa = PBXBuildFile; fileRef = 1E5F676597786A1B6F634F6C /* UIKitRouterAssetDetailsViewModel.swift */; };
		1E5F692819ACB45F55BA9731 /* EncodableExtensions.swift in Sources */ = {isa = PBXBuildFile; fileRef = 1E5F62EC10A006551AC82D61 /* EncodableExtensions.swift */; };
		1E5F6928B5103B50BE32B3B9 /* AddAssetViewModel.swift in Sources */ = {isa = PBXBuildFile; fileRef = 1E5F680FD3A9C169EFA9373D /* AddAssetViewModel.swift */; };
		1E5F6958741A5CEAF1B091B5 /* Route.swift in Sources */ = {isa = PBXBuildFile; fileRef = 1E5F649113A19B112322E17E /* Route.swift */; };
		1E5F696B7A59CF7EF9244E75 /* MainAppFlowCoordinator.swift in Sources */ = {isa = PBXBuildFile; fileRef = 1E5F6B7A33B36CFB40E19864 /* MainAppFlowCoordinator.swift */; };
		1E5F696CC6F290B422093D3E /* SwiftUIRouterAddAssetViewModel.swift in Sources */ = {isa = PBXBuildFile; fileRef = 1E5F6A3E0D2CEDEE635E08FF /* SwiftUIRouterAddAssetViewModel.swift */; };
		1E5F697C7F49C976D0FA2707 /* GetHistoricalAssetRatesRequest.swift in Sources */ = {isa = PBXBuildFile; fileRef = 1E5F6E94E3D62B5565DE45B6 /* GetHistoricalAssetRatesRequest.swift */; };
		1E5F69A03DD9F970E906217E /* FakeUIKitNavigationRouter.swift in Sources */ = {isa = PBXBuildFile; fileRef = 1E5F65A2C2EC4C6E16BC1EC5 /* FakeUIKitNavigationRouter.swift */; };
		1E5F69BE2FBACF9A1F633F34 /* AddAssetFlowCoordinator.swift in Sources */ = {isa = PBXBuildFile; fileRef = 1E5F69FB9D02607102804106 /* AddAssetFlowCoordinator.swift */; };
		1E5F69C8F8CEB1FF5F283AAC /* UIKitRouterAssetsListViewModel.swift in Sources */ = {isa = PBXBuildFile; fileRef = 1E5F66DA453B2DC5050E8690 /* UIKitRouterAssetsListViewModel.swift */; };
		1E5F6A7A1599F4FEC3DFC5F5 /* NavigationRouterTests.swift in Sources */ = {isa = PBXBuildFile; fileRef = 1E5F62F4DD3962CCD0CDD4AE /* NavigationRouterTests.swift */; };
		1E5F6A82F9662B725628332C /* BindingExtenstions.swift in Sources */ = {isa = PBXBuildFile; fileRef = 1E5F6AF430C47F2B0BACFD9F /* BindingExtenstions.swift */; };
		1E5F6AB3D5E6A0992833CC62 /* SwiftUIRouterHomeViewModel.swift in Sources */ = {isa = PBXBuildFile; fileRef = 1E5F64FD9731162973BCC07F /* SwiftUIRouterHomeViewModel.swift */; };
		1E5F6AF5EAEDC6AA76892073 /* ViewComponentFactory.swift in Sources */ = {isa = PBXBuildFile; fileRef = 1E5F64D3D6DC4BC8A829BA84 /* ViewComponentFactory.swift */; };
		1E5F6AF94AD3F6192B5A550B /* UIViewControllerExtensions.swift in Sources */ = {isa = PBXBuildFile; fileRef = 1E5F607D5A7DF73D95BAD380 /* UIViewControllerExtensions.swift */; };
		1E5F6B1A37F169119DF6A8FE /* AssetDetailsViewData.swift in Sources */ = {isa = PBXBuildFile; fileRef = 1E5F6F11D7D0CAE9D001F4BB /* AssetDetailsViewData.swift */; };
		1E5F6B1A494ADEE4D5D339A0 /* AssetCellView.swift in Sources */ = {isa = PBXBuildFile; fileRef = 1E5F60AC3539DC38DF1B5CBE /* AssetCellView.swift */; };
		1E5F6B3CCF0DA2812D33E053 /* UIKitRouterHomeView.swift in Sources */ = {isa = PBXBuildFile; fileRef = 1E5F63068B9F1DA391B3F0A2 /* UIKitRouterHomeView.swift */; };
		1E5F6B7C20A31EA17D8B08DB /* AddAssetView.swift in Sources */ = {isa = PBXBuildFile; fileRef = 1E5F67DF48A6E47F6AEC3427 /* AddAssetView.swift */; };
		1E5F6BC9BDEDCDF03234283D /* FlowCoordinator.swift in Sources */ = {isa = PBXBuildFile; fileRef = 1E5F63438AF851E166F155A5 /* FlowCoordinator.swift */; };
		1E5F6BCFDC480A9A3F864042 /* AlertRoute.swift in Sources */ = {isa = PBXBuildFile; fileRef = 1E5F6A1E0878E6FB97E1BB64 /* AlertRoute.swift */; };
		1E5F6BD5A17C39BC8EB33B4D /* AppInfoView.swift in Sources */ = {isa = PBXBuildFile; fileRef = 1E5F6F30B8CB540FB14E7F3C /* AppInfoView.swift */; };
		1E5F6BE26A2B7DCB536D4E62 /* AssetPerfromance.swift in Sources */ = {isa = PBXBuildFile; fileRef = 1E5F6D63394BAFC5740E6D04 /* AssetPerfromance.swift */; };
		1E5F6C05C4D39B39C2ECC368 /* SwiftUISearchBar.swift in Sources */ = {isa = PBXBuildFile; fileRef = 1E5F603897308982FC8A888B /* SwiftUISearchBar.swift */; };
		1E5F6C3C00C4EC00033DB672 /* SwiftUIRouterAssetDetailsViewModel.swift in Sources */ = {isa = PBXBuildFile; fileRef = 1E5F67F1B2C9859E296893B2 /* SwiftUIRouterAssetDetailsViewModel.swift */; };
		1E5F6C49351E7A9FFCB2F152 /* SwiftUIRouterAppInfoViewModel.swift in Sources */ = {isa = PBXBuildFile; fileRef = 1E5F69FF2BA2D6B0995D6DBF /* SwiftUIRouterAppInfoViewModel.swift */; };
		1E5F6C531D0A88DF8258C56E /* TextStyles.swift in Sources */ = {isa = PBXBuildFile; fileRef = 1E5F6A45A82E6F2FF3B52058 /* TextStyles.swift */; };
		1E5F6C5773CE0FB88CF06F91 /* GetAllAssetsResponse.swift in Sources */ = {isa = PBXBuildFile; fileRef = 1E5F6B428CB73BAC6F5E7928 /* GetAllAssetsResponse.swift */; };
		1E5F6C7A991D475040AE12F8 /* GetHistoricalAssetRatesResponse.swift in Sources */ = {isa = PBXBuildFile; fileRef = 1E5F6B78E8E410DF7653692C /* GetHistoricalAssetRatesResponse.swift */; };
		1E5F6CA2E396E4FD04AD84CF /* ButtonStyles.swift in Sources */ = {isa = PBXBuildFile; fileRef = 1E5F649A8C7F147629FC911A /* ButtonStyles.swift */; };
		1E5F6CF5AA423265CA2B1487 /* FavouriteAssetsManager.swift in Sources */ = {isa = PBXBuildFile; fileRef = 1E5F64D3DD883950523741A6 /* FavouriteAssetsManager.swift */; };
		1E5F6D7AA2CCCEBA608A6646 /* LocalStorage.swift in Sources */ = {isa = PBXBuildFile; fileRef = 1E5F6B8D1ABC95641DE76D6C /* LocalStorage.swift */; };
		1E5F6D811BA324B2FF7D704D /* AddApiKeyAction.swift in Sources */ = {isa = PBXBuildFile; fileRef = 1E5F6A9718DF9C65648716B8 /* AddApiKeyAction.swift */; };
		1E5F6DA01451D2A011DF4BEF /* SwiftUINavigationRouter.swift in Sources */ = {isa = PBXBuildFile; fileRef = 1E5F632AA3F3569832746D24 /* SwiftUINavigationRouter.swift */; };
		1E5F6DA12439EA913CB79274 /* NetworkingFactory.swift in Sources */ = {isa = PBXBuildFile; fileRef = 1E5F67DF69D3D515021129E4 /* NetworkingFactory.swift */; };
		1E5F6DB2F505347468EC492B /* AddAssetRoute.swift in Sources */ = {isa = PBXBuildFile; fileRef = 1E5F656A2479FC54684F17FE /* AddAssetRoute.swift */; };
		1E5F6DBB57E772A0B7A57B66 /* MainAppRoute.swift in Sources */ = {isa = PBXBuildFile; fileRef = 1E5F69E2EDB3C0A37180E396 /* MainAppRoute.swift */; };
		1E5F6E4EB4450803E9C918A3 /* GetAssetsRatesResponse.swift in Sources */ = {isa = PBXBuildFile; fileRef = 1E5F69C745B13D00EC884E65 /* GetAssetsRatesResponse.swift */; };
		1E5F6EA1A8F2E8B2C42BC509 /* AssetsListViewModel.swift in Sources */ = {isa = PBXBuildFile; fileRef = 1E5F6A12D97896299913E133 /* AssetsListViewModel.swift */; };
		1E5F6EEC19B4D8B29EE3D898 /* ChartView.swift in Sources */ = {isa = PBXBuildFile; fileRef = 1E5F6805DDEB00513279C1B5 /* ChartView.swift */; };
		1E5F6EEDE9D460E07419B6B4 /* BaseAssetManager.swift in Sources */ = {isa = PBXBuildFile; fileRef = 1E5F65AD420335232E62C3E0 /* BaseAssetManager.swift */; };
		1E5F6F1766C92764CB33B2CD /* RootViewController.swift in Sources */ = {isa = PBXBuildFile; fileRef = 1E5F66FF8E0ECC21C8423800 /* RootViewController.swift */; };
		1E5F6F1806DEA170E671F724 /* FakeHistoricalAssetRatesProvider.swift in Sources */ = {isa = PBXBuildFile; fileRef = 1E5F64CD4974E37910C9EEC5 /* FakeHistoricalAssetRatesProvider.swift */; };
		1E5F6F527C264548EF03622D /* Asset.swift in Sources */ = {isa = PBXBuildFile; fileRef = 1E5F66D232288278ED1B8C3A /* Asset.swift */; };
		1E5F6F86821824C57F6CF6CE /* UIKitRouterAddAssetViewModel.swift in Sources */ = {isa = PBXBuildFile; fileRef = 1E5F60E868A50EE09C256C69 /* UIKitRouterAddAssetViewModel.swift */; };
		1E5F6FA3EF112F30B935634A /* FakeSwiftUIRouterHomeViewModel.swift in Sources */ = {isa = PBXBuildFile; fileRef = 1E5F64F0B61F8CD1F9DC5D2D /* FakeSwiftUIRouterHomeViewModel.swift */; };
		1E5F6FD0304DD9DE9329AA32 /* FoundationExtensions.swift in Sources */ = {isa = PBXBuildFile; fileRef = 1E5F697BBE5C440A4A6FE7CD /* FoundationExtensions.swift */; };
		1E5F6FD0D9DC4E482202BE02 /* FavouriteAssetCellView.swift in Sources */ = {isa = PBXBuildFile; fileRef = 1E5F62963DAC2184DB0CBA40 /* FavouriteAssetCellView.swift */; };
		22A240EB29CD884E0062221A /* SwiftUINavigationApp.swift in Sources */ = {isa = PBXBuildFile; fileRef = 22A240EA29CD884E0062221A /* SwiftUINavigationApp.swift */; };
		22A240EF29CD884F0062221A /* Assets.xcassets in Resources */ = {isa = PBXBuildFile; fileRef = 22A240EE29CD884F0062221A /* Assets.xcassets */; };
		22A240F229CD884F0062221A /* Preview Assets.xcassets in Resources */ = {isa = PBXBuildFile; fileRef = 22A240F129CD884F0062221A /* Preview Assets.xcassets */; };
		22A2411629CDB3D70062221A /* HomeView.swift in Sources */ = {isa = PBXBuildFile; fileRef = 22A2411529CDB3D70062221A /* HomeView.swift */; };
		22A2412129D2D6B10062221A /* ConcurrentNgNetworkModule in Frameworks */ = {isa = PBXBuildFile; productRef = 22A2412029D2D6B10062221A /* ConcurrentNgNetworkModule */; };
		22A2412329D2D6B10062221A /* NgNetworkModuleCore in Frameworks */ = {isa = PBXBuildFile; productRef = 22A2412229D2D6B10062221A /* NgNetworkModuleCore */; };
		22EF8E0F29F2B375005039EF /* SnapshotTesting in Frameworks */ = {isa = PBXBuildFile; productRef = 22EF8E0E29F2B375005039EF /* SnapshotTesting */; };
/* End PBXBuildFile section */

/* Begin PBXContainerItemProxy section */
		22A240F829CD884F0062221A /* PBXContainerItemProxy */ = {
			isa = PBXContainerItemProxy;
			containerPortal = 22A240DF29CD884E0062221A /* Project object */;
			proxyType = 1;
			remoteGlobalIDString = 22A240E629CD884E0062221A;
			remoteInfo = "SwiftUI Navigation";
		};
/* End PBXContainerItemProxy section */

/* Begin PBXFileReference section */
		1E5F603897308982FC8A888B /* SwiftUISearchBar.swift */ = {isa = PBXFileReference; fileEncoding = 4; lastKnownFileType = sourcecode.swift; path = SwiftUISearchBar.swift; sourceTree = "<group>"; };
		1E5F6054E015178D9AFCEF0C /* DateProvider.swift */ = {isa = PBXFileReference; fileEncoding = 4; lastKnownFileType = sourcecode.swift; path = DateProvider.swift; sourceTree = "<group>"; };
		1E5F607D5A7DF73D95BAD380 /* UIViewControllerExtensions.swift */ = {isa = PBXFileReference; fileEncoding = 4; lastKnownFileType = sourcecode.swift; path = UIViewControllerExtensions.swift; sourceTree = "<group>"; };
		1E5F60AC3539DC38DF1B5CBE /* AssetCellView.swift */ = {isa = PBXFileReference; fileEncoding = 4; lastKnownFileType = sourcecode.swift; path = AssetCellView.swift; sourceTree = "<group>"; };
		1E5F60E868A50EE09C256C69 /* UIKitRouterAddAssetViewModel.swift */ = {isa = PBXFileReference; fileEncoding = 4; lastKnownFileType = sourcecode.swift; path = UIKitRouterAddAssetViewModel.swift; sourceTree = "<group>"; };
		1E5F61502B84D29CC2CD70EB /* AssetPrice.swift */ = {isa = PBXFileReference; fileEncoding = 4; lastKnownFileType = sourcecode.swift; path = AssetPrice.swift; sourceTree = "<group>"; };
		1E5F615290428A3160AB6EBD /* PopupDismissHandler.swift */ = {isa = PBXFileReference; fileEncoding = 4; lastKnownFileType = sourcecode.swift; path = PopupDismissHandler.swift; sourceTree = "<group>"; };
		1E5F621D2D85C1D85A7AA6EB /* DateFormatterExtensions.swift */ = {isa = PBXFileReference; fileEncoding = 4; lastKnownFileType = sourcecode.swift; path = DateFormatterExtensions.swift; sourceTree = "<group>"; };
		1E5F628C0DED74EDCD784FBE /* UIKitNavigationRouterTests.swift */ = {isa = PBXFileReference; fileEncoding = 4; lastKnownFileType = sourcecode.swift; path = UIKitNavigationRouterTests.swift; sourceTree = "<group>"; };
		1E5F62963DAC2184DB0CBA40 /* FavouriteAssetCellView.swift */ = {isa = PBXFileReference; fileEncoding = 4; lastKnownFileType = sourcecode.swift; path = FavouriteAssetCellView.swift; sourceTree = "<group>"; };
		1E5F62B76C71DB987CC38D90 /* EditAssetViewData.swift */ = {isa = PBXFileReference; fileEncoding = 4; lastKnownFileType = sourcecode.swift; path = EditAssetViewData.swift; sourceTree = "<group>"; };
		1E5F62B96BA2BD6CF1B6A96F /* AppConfiguration.swift */ = {isa = PBXFileReference; fileEncoding = 4; lastKnownFileType = sourcecode.swift; path = AppConfiguration.swift; sourceTree = "<group>"; };
		1E5F62C7F7EA51AF3A91A8D1 /* ViewExtensions.swift */ = {isa = PBXFileReference; fileEncoding = 4; lastKnownFileType = sourcecode.swift; path = ViewExtensions.swift; sourceTree = "<group>"; };
		1E5F62CB7AFAC634BC18399F /* AssetsRatesProvider.swift */ = {isa = PBXFileReference; fileEncoding = 4; lastKnownFileType = sourcecode.swift; path = AssetsRatesProvider.swift; sourceTree = "<group>"; };
		1E5F62EC10A006551AC82D61 /* EncodableExtensions.swift */ = {isa = PBXFileReference; fileEncoding = 4; lastKnownFileType = sourcecode.swift; path = EncodableExtensions.swift; sourceTree = "<group>"; };
		1E5F62F3481D313C944ACFA8 /* EditAssetViewModel.swift */ = {isa = PBXFileReference; fileEncoding = 4; lastKnownFileType = sourcecode.swift; path = EditAssetViewModel.swift; sourceTree = "<group>"; };
		1E5F62F4DD3962CCD0CDD4AE /* NavigationRouterTests.swift */ = {isa = PBXFileReference; fileEncoding = 4; lastKnownFileType = sourcecode.swift; path = NavigationRouterTests.swift; sourceTree = "<group>"; };
		1E5F63068B9F1DA391B3F0A2 /* UIKitRouterHomeView.swift */ = {isa = PBXFileReference; fileEncoding = 4; lastKnownFileType = sourcecode.swift; path = UIKitRouterHomeView.swift; sourceTree = "<group>"; };
		1E5F632AA3F3569832746D24 /* SwiftUINavigationRouter.swift */ = {isa = PBXFileReference; fileEncoding = 4; lastKnownFileType = sourcecode.swift; path = SwiftUINavigationRouter.swift; sourceTree = "<group>"; };
		1E5F63438AF851E166F155A5 /* FlowCoordinator.swift */ = {isa = PBXFileReference; fileEncoding = 4; lastKnownFileType = sourcecode.swift; path = FlowCoordinator.swift; sourceTree = "<group>"; };
		1E5F639D79A4E8968413F3EB /* EditAssetView.swift */ = {isa = PBXFileReference; fileEncoding = 4; lastKnownFileType = sourcecode.swift; path = EditAssetView.swift; sourceTree = "<group>"; };
		1E5F63C5B93C64ECFD7B250D /* UIViewExtension.swift */ = {isa = PBXFileReference; fileEncoding = 4; lastKnownFileType = sourcecode.swift; path = UIViewExtension.swift; sourceTree = "<group>"; };
		1E5F643C13E91E6B9CD3C121 /* GetAllAssetsRequest.swift */ = {isa = PBXFileReference; fileEncoding = 4; lastKnownFileType = sourcecode.swift; path = GetAllAssetsRequest.swift; sourceTree = "<group>"; };
		1E5F64715F68F6BBB5DAF527 /* FakeFlowCoordinator.swift */ = {isa = PBXFileReference; fileEncoding = 4; lastKnownFileType = sourcecode.swift; path = FakeFlowCoordinator.swift; sourceTree = "<group>"; };
		1E5F647A13070B3EF3FE332C /* Navigator.swift */ = {isa = PBXFileReference; fileEncoding = 4; lastKnownFileType = sourcecode.swift; path = Navigator.swift; sourceTree = "<group>"; };
		1E5F649113A19B112322E17E /* Route.swift */ = {isa = PBXFileReference; fileEncoding = 4; lastKnownFileType = sourcecode.swift; path = Route.swift; sourceTree = "<group>"; };
		1E5F6495BD778A68B283DE93 /* AssetsListView.swift */ = {isa = PBXFileReference; fileEncoding = 4; lastKnownFileType = sourcecode.swift; path = AssetsListView.swift; sourceTree = "<group>"; };
		1E5F649A8C7F147629FC911A /* ButtonStyles.swift */ = {isa = PBXFileReference; fileEncoding = 4; lastKnownFileType = sourcecode.swift; path = ButtonStyles.swift; sourceTree = "<group>"; };
		1E5F64CD4974E37910C9EEC5 /* FakeHistoricalAssetRatesProvider.swift */ = {isa = PBXFileReference; fileEncoding = 4; lastKnownFileType = sourcecode.swift; path = FakeHistoricalAssetRatesProvider.swift; sourceTree = "<group>"; };
		1E5F64D05FD121699541E96B /* AppInfoFlowCoordinator.swift */ = {isa = PBXFileReference; fileEncoding = 4; lastKnownFileType = sourcecode.swift; path = AppInfoFlowCoordinator.swift; sourceTree = "<group>"; };
		1E5F64D3D6DC4BC8A829BA84 /* ViewComponentFactory.swift */ = {isa = PBXFileReference; fileEncoding = 4; lastKnownFileType = sourcecode.swift; path = ViewComponentFactory.swift; sourceTree = "<group>"; };
		1E5F64D3DD883950523741A6 /* FavouriteAssetsManager.swift */ = {isa = PBXFileReference; fileEncoding = 4; lastKnownFileType = sourcecode.swift; path = FavouriteAssetsManager.swift; sourceTree = "<group>"; };
		1E5F64F0B61F8CD1F9DC5D2D /* FakeSwiftUIRouterHomeViewModel.swift */ = {isa = PBXFileReference; fileEncoding = 4; lastKnownFileType = sourcecode.swift; path = FakeSwiftUIRouterHomeViewModel.swift; sourceTree = "<group>"; };
		1E5F64FD9731162973BCC07F /* SwiftUIRouterHomeViewModel.swift */ = {isa = PBXFileReference; fileEncoding = 4; lastKnownFileType = sourcecode.swift; path = SwiftUIRouterHomeViewModel.swift; sourceTree = "<group>"; };
		1E5F656A2479FC54684F17FE /* AddAssetRoute.swift */ = {isa = PBXFileReference; fileEncoding = 4; lastKnownFileType = sourcecode.swift; path = AddAssetRoute.swift; sourceTree = "<group>"; };
		1E5F65A2C2EC4C6E16BC1EC5 /* FakeUIKitNavigationRouter.swift */ = {isa = PBXFileReference; fileEncoding = 4; lastKnownFileType = sourcecode.swift; path = FakeUIKitNavigationRouter.swift; sourceTree = "<group>"; };
		1E5F65AD420335232E62C3E0 /* BaseAssetManager.swift */ = {isa = PBXFileReference; fileEncoding = 4; lastKnownFileType = sourcecode.swift; path = BaseAssetManager.swift; sourceTree = "<group>"; };
		1E5F65C256BD8DB488CD5C4A /* DependencyProvider.swift */ = {isa = PBXFileReference; fileEncoding = 4; lastKnownFileType = sourcecode.swift; path = DependencyProvider.swift; sourceTree = "<group>"; };
		1E5F66A82E08E494DAA212F9 /* NavigationRoute.swift */ = {isa = PBXFileReference; fileEncoding = 4; lastKnownFileType = sourcecode.swift; path = NavigationRoute.swift; sourceTree = "<group>"; };
		1E5F66B7C599512A61C0AF02 /* CellStyles.swift */ = {isa = PBXFileReference; fileEncoding = 4; lastKnownFileType = sourcecode.swift; path = CellStyles.swift; sourceTree = "<group>"; };
		1E5F66D232288278ED1B8C3A /* Asset.swift */ = {isa = PBXFileReference; fileEncoding = 4; lastKnownFileType = sourcecode.swift; path = Asset.swift; sourceTree = "<group>"; };
		1E5F66D7C71D4118FD020D09 /* ColorExtensions.swift */ = {isa = PBXFileReference; fileEncoding = 4; lastKnownFileType = sourcecode.swift; path = ColorExtensions.swift; sourceTree = "<group>"; };
		1E5F66DA453B2DC5050E8690 /* UIKitRouterAssetsListViewModel.swift */ = {isa = PBXFileReference; fileEncoding = 4; lastKnownFileType = sourcecode.swift; path = UIKitRouterAssetsListViewModel.swift; sourceTree = "<group>"; };
		1E5F66E0810409D23BBDC24B /* SwiftUIRouterEditAssetViewModel.swift */ = {isa = PBXFileReference; fileEncoding = 4; lastKnownFileType = sourcecode.swift; path = SwiftUIRouterEditAssetViewModel.swift; sourceTree = "<group>"; };
		1E5F66FB4102C86221E00D50 /* XCTestCaseSnapshotExtensions.swift */ = {isa = PBXFileReference; fileEncoding = 4; lastKnownFileType = sourcecode.swift; path = XCTestCaseSnapshotExtensions.swift; sourceTree = "<group>"; };
		1E5F66FF8E0ECC21C8423800 /* RootViewController.swift */ = {isa = PBXFileReference; fileEncoding = 4; lastKnownFileType = sourcecode.swift; path = RootViewController.swift; sourceTree = "<group>"; };
		1E5F6756B29F085E048BE334 /* HistoricalAssetRatesProvider.swift */ = {isa = PBXFileReference; fileEncoding = 4; lastKnownFileType = sourcecode.swift; path = HistoricalAssetRatesProvider.swift; sourceTree = "<group>"; };
		1E5F67597A450FA03D79FBD4 /* FakeSwiftUINavigationRouter.swift */ = {isa = PBXFileReference; fileEncoding = 4; lastKnownFileType = sourcecode.swift; path = FakeSwiftUINavigationRouter.swift; sourceTree = "<group>"; };
		1E5F676597786A1B6F634F6C /* UIKitRouterAssetDetailsViewModel.swift */ = {isa = PBXFileReference; fileEncoding = 4; lastKnownFileType = sourcecode.swift; path = UIKitRouterAssetDetailsViewModel.swift; sourceTree = "<group>"; };
		1E5F678251E7C86105EEF14B /* GetAssetsRatesRequest.swift */ = {isa = PBXFileReference; fileEncoding = 4; lastKnownFileType = sourcecode.swift; path = GetAssetsRatesRequest.swift; sourceTree = "<group>"; };
		1E5F67DF48A6E47F6AEC3427 /* AddAssetView.swift */ = {isa = PBXFileReference; fileEncoding = 4; lastKnownFileType = sourcecode.swift; path = AddAssetView.swift; sourceTree = "<group>"; };
		1E5F67DF69D3D515021129E4 /* NetworkingFactory.swift */ = {isa = PBXFileReference; fileEncoding = 4; lastKnownFileType = sourcecode.swift; path = NetworkingFactory.swift; sourceTree = "<group>"; };
		1E5F67F1B2C9859E296893B2 /* SwiftUIRouterAssetDetailsViewModel.swift */ = {isa = PBXFileReference; fileEncoding = 4; lastKnownFileType = sourcecode.swift; path = SwiftUIRouterAssetDetailsViewModel.swift; sourceTree = "<group>"; };
		1E5F6805DDEB00513279C1B5 /* ChartView.swift */ = {isa = PBXFileReference; fileEncoding = 4; lastKnownFileType = sourcecode.swift; path = ChartView.swift; sourceTree = "<group>"; };
		1E5F680FD3A9C169EFA9373D /* AddAssetViewModel.swift */ = {isa = PBXFileReference; fileEncoding = 4; lastKnownFileType = sourcecode.swift; path = AddAssetViewModel.swift; sourceTree = "<group>"; };
		1E5F68A8E8FD64DB4034812A /* AssetHistoricalRate.swift */ = {isa = PBXFileReference; fileEncoding = 4; lastKnownFileType = sourcecode.swift; path = AssetHistoricalRate.swift; sourceTree = "<group>"; };
		1E5F68E48A3A9DDA311A80C8 /* FlowCoordinatorFactory.swift */ = {isa = PBXFileReference; fileEncoding = 4; lastKnownFileType = sourcecode.swift; path = FlowCoordinatorFactory.swift; sourceTree = "<group>"; };
		1E5F6906889C57FA4B4B18AD /* SwiftUINavigationHelpers.swift */ = {isa = PBXFileReference; fileEncoding = 4; lastKnownFileType = sourcecode.swift; path = SwiftUINavigationHelpers.swift; sourceTree = "<group>"; };
		1E5F693AA1A3ECC8667C52DA /* DataExtensions.swift */ = {isa = PBXFileReference; fileEncoding = 4; lastKnownFileType = sourcecode.swift; path = DataExtensions.swift; sourceTree = "<group>"; };
		1E5F693FEBBD51213CB5A878 /* FakeDependencyProvider.swift */ = {isa = PBXFileReference; fileEncoding = 4; lastKnownFileType = sourcecode.swift; path = FakeDependencyProvider.swift; sourceTree = "<group>"; };
		1E5F6978DB94ED509A012D9D /* PopupRoute.swift */ = {isa = PBXFileReference; fileEncoding = 4; lastKnownFileType = sourcecode.swift; path = PopupRoute.swift; sourceTree = "<group>"; };
		1E5F697BBE5C440A4A6FE7CD /* FoundationExtensions.swift */ = {isa = PBXFileReference; fileEncoding = 4; lastKnownFileType = sourcecode.swift; path = FoundationExtensions.swift; sourceTree = "<group>"; };
		1E5F69C1F6E2D701EDAA30BB /* MainAppFlowCoordinatorTests.swift */ = {isa = PBXFileReference; fileEncoding = 4; lastKnownFileType = sourcecode.swift; path = MainAppFlowCoordinatorTests.swift; sourceTree = "<group>"; };
		1E5F69C745B13D00EC884E65 /* GetAssetsRatesResponse.swift */ = {isa = PBXFileReference; fileEncoding = 4; lastKnownFileType = sourcecode.swift; path = GetAssetsRatesResponse.swift; sourceTree = "<group>"; };
		1E5F69E2EDB3C0A37180E396 /* MainAppRoute.swift */ = {isa = PBXFileReference; fileEncoding = 4; lastKnownFileType = sourcecode.swift; path = MainAppRoute.swift; sourceTree = "<group>"; };
		1E5F69FB9D02607102804106 /* AddAssetFlowCoordinator.swift */ = {isa = PBXFileReference; fileEncoding = 4; lastKnownFileType = sourcecode.swift; path = AddAssetFlowCoordinator.swift; sourceTree = "<group>"; };
		1E5F69FF2BA2D6B0995D6DBF /* SwiftUIRouterAppInfoViewModel.swift */ = {isa = PBXFileReference; fileEncoding = 4; lastKnownFileType = sourcecode.swift; path = SwiftUIRouterAppInfoViewModel.swift; sourceTree = "<group>"; };
		1E5F6A12D97896299913E133 /* AssetsListViewModel.swift */ = {isa = PBXFileReference; fileEncoding = 4; lastKnownFileType = sourcecode.swift; path = AssetsListViewModel.swift; sourceTree = "<group>"; };
		1E5F6A1E0878E6FB97E1BB64 /* AlertRoute.swift */ = {isa = PBXFileReference; fileEncoding = 4; lastKnownFileType = sourcecode.swift; path = AlertRoute.swift; sourceTree = "<group>"; };
		1E5F6A2ADAD32E86720C4618 /* LoaderView.swift */ = {isa = PBXFileReference; fileEncoding = 4; lastKnownFileType = sourcecode.swift; path = LoaderView.swift; sourceTree = "<group>"; };
		1E5F6A3E0D2CEDEE635E08FF /* SwiftUIRouterAddAssetViewModel.swift */ = {isa = PBXFileReference; fileEncoding = 4; lastKnownFileType = sourcecode.swift; path = SwiftUIRouterAddAssetViewModel.swift; sourceTree = "<group>"; };
		1E5F6A45A82E6F2FF3B52058 /* TextStyles.swift */ = {isa = PBXFileReference; fileEncoding = 4; lastKnownFileType = sourcecode.swift; path = TextStyles.swift; sourceTree = "<group>"; };
		1E5F6A47658A9C4AF39B488F /* SwiftUIRouterHomeViewTests.swift */ = {isa = PBXFileReference; fileEncoding = 4; lastKnownFileType = sourcecode.swift; path = SwiftUIRouterHomeViewTests.swift; sourceTree = "<group>"; };
		1E5F6A7520CA58C80FF53D7C /* AssetDetailsViewModel.swift */ = {isa = PBXFileReference; fileEncoding = 4; lastKnownFileType = sourcecode.swift; path = AssetDetailsViewModel.swift; sourceTree = "<group>"; };
		1E5F6A9718DF9C65648716B8 /* AddApiKeyAction.swift */ = {isa = PBXFileReference; fileEncoding = 4; lastKnownFileType = sourcecode.swift; path = AddApiKeyAction.swift; sourceTree = "<group>"; };
		1E5F6ACF56D04137AD3CEF1A /* PrimaryButton.swift */ = {isa = PBXFileReference; fileEncoding = 4; lastKnownFileType = sourcecode.swift; path = PrimaryButton.swift; sourceTree = "<group>"; };
		1E5F6AF430C47F2B0BACFD9F /* BindingExtenstions.swift */ = {isa = PBXFileReference; fileEncoding = 4; lastKnownFileType = sourcecode.swift; path = BindingExtenstions.swift; sourceTree = "<group>"; };
		1E5F6AFD51A287CB2B0DD32F /* UIApplicationExtensions.swift */ = {isa = PBXFileReference; fileEncoding = 4; lastKnownFileType = sourcecode.swift; path = UIApplicationExtensions.swift; sourceTree = "<group>"; };
		1E5F6AFFC7F205830280B067 /* FakeFavouriteAssetsManager.swift */ = {isa = PBXFileReference; fileEncoding = 4; lastKnownFileType = sourcecode.swift; path = FakeFavouriteAssetsManager.swift; sourceTree = "<group>"; };
		1E5F6B428CB73BAC6F5E7928 /* GetAllAssetsResponse.swift */ = {isa = PBXFileReference; fileEncoding = 4; lastKnownFileType = sourcecode.swift; path = GetAllAssetsResponse.swift; sourceTree = "<group>"; };
		1E5F6B78E8E410DF7653692C /* GetHistoricalAssetRatesResponse.swift */ = {isa = PBXFileReference; fileEncoding = 4; lastKnownFileType = sourcecode.swift; path = GetHistoricalAssetRatesResponse.swift; sourceTree = "<group>"; };
		1E5F6B7A33B36CFB40E19864 /* MainAppFlowCoordinator.swift */ = {isa = PBXFileReference; fileEncoding = 4; lastKnownFileType = sourcecode.swift; path = MainAppFlowCoordinator.swift; sourceTree = "<group>"; };
		1E5F6B8D1ABC95641DE76D6C /* LocalStorage.swift */ = {isa = PBXFileReference; fileEncoding = 4; lastKnownFileType = sourcecode.swift; path = LocalStorage.swift; sourceTree = "<group>"; };
		1E5F6BDB9696133C585F4B94 /* UIKitRouterEditAssetViewModel.swift */ = {isa = PBXFileReference; fileEncoding = 4; lastKnownFileType = sourcecode.swift; path = UIKitRouterEditAssetViewModel.swift; sourceTree = "<group>"; };
		1E5F6C2BC688391D87A080AF /* AppInfoRoute.swift */ = {isa = PBXFileReference; fileEncoding = 4; lastKnownFileType = sourcecode.swift; path = AppInfoRoute.swift; sourceTree = "<group>"; };
		1E5F6C4424E9237374C9B43E /* SwiftUIRouterAssetsListViewModel.swift */ = {isa = PBXFileReference; fileEncoding = 4; lastKnownFileType = sourcecode.swift; path = SwiftUIRouterAssetsListViewModel.swift; sourceTree = "<group>"; };
		1E5F6C738A4881C798C93A14 /* FakeAssetsRatesProvider.swift */ = {isa = PBXFileReference; fileEncoding = 4; lastKnownFileType = sourcecode.swift; path = FakeAssetsRatesProvider.swift; sourceTree = "<group>"; };
		1E5F6CD9ED55CE38F4BB3EAD /* FakeNavigator.swift */ = {isa = PBXFileReference; fileEncoding = 4; lastKnownFileType = sourcecode.swift; path = FakeNavigator.swift; sourceTree = "<group>"; };
		1E5F6CF6F2A93781697838CF /* SnapshottingExtensions.swift */ = {isa = PBXFileReference; fileEncoding = 4; lastKnownFileType = sourcecode.swift; path = SnapshottingExtensions.swift; sourceTree = "<group>"; };
		1E5F6D63394BAFC5740E6D04 /* AssetPerfromance.swift */ = {isa = PBXFileReference; fileEncoding = 4; lastKnownFileType = sourcecode.swift; path = AssetPerfromance.swift; sourceTree = "<group>"; };
		1E5F6D641B30D05D26E6FE03 /* FakeAssetsProvider.swift */ = {isa = PBXFileReference; fileEncoding = 4; lastKnownFileType = sourcecode.swift; path = FakeAssetsProvider.swift; sourceTree = "<group>"; };
		1E5F6D800C8D56BBC0583BF1 /* SwiftUIRouterHomeView.swift */ = {isa = PBXFileReference; fileEncoding = 4; lastKnownFileType = sourcecode.swift; path = SwiftUIRouterHomeView.swift; sourceTree = "<group>"; };
		1E5F6D9A86EF37996C14E689 /* UIKitRouterAppInfoViewModel.swift */ = {isa = PBXFileReference; fileEncoding = 4; lastKnownFileType = sourcecode.swift; path = UIKitRouterAppInfoViewModel.swift; sourceTree = "<group>"; };
		1E5F6DB75761609FE4E69ACF /* PreviewFixtures.swift */ = {isa = PBXFileReference; fileEncoding = 4; lastKnownFileType = sourcecode.swift; path = PreviewFixtures.swift; sourceTree = "<group>"; };
		1E5F6E349CB72B2C6B2258BC /* AssetDetailsView.swift */ = {isa = PBXFileReference; fileEncoding = 4; lastKnownFileType = sourcecode.swift; path = AssetDetailsView.swift; sourceTree = "<group>"; };
		1E5F6E7B2A5B22986A6546EE /* ViewComponent.swift */ = {isa = PBXFileReference; fileEncoding = 4; lastKnownFileType = sourcecode.swift; path = ViewComponent.swift; sourceTree = "<group>"; };
		1E5F6E94E3D62B5565DE45B6 /* GetHistoricalAssetRatesRequest.swift */ = {isa = PBXFileReference; fileEncoding = 4; lastKnownFileType = sourcecode.swift; path = GetHistoricalAssetRatesRequest.swift; sourceTree = "<group>"; };
		1E5F6ED10B46873CECD4E769 /* AssetsProvider.swift */ = {isa = PBXFileReference; fileEncoding = 4; lastKnownFileType = sourcecode.swift; path = AssetsProvider.swift; sourceTree = "<group>"; };
		1E5F6F11D7D0CAE9D001F4BB /* AssetDetailsViewData.swift */ = {isa = PBXFileReference; fileEncoding = 4; lastKnownFileType = sourcecode.swift; path = AssetDetailsViewData.swift; sourceTree = "<group>"; };
		1E5F6F30B8CB540FB14E7F3C /* AppInfoView.swift */ = {isa = PBXFileReference; fileEncoding = 4; lastKnownFileType = sourcecode.swift; path = AppInfoView.swift; sourceTree = "<group>"; };
		1E5F6F3610C2E447CFCA4D56 /* AppInfoViewModel.swift */ = {isa = PBXFileReference; fileEncoding = 4; lastKnownFileType = sourcecode.swift; path = AppInfoViewModel.swift; sourceTree = "<group>"; };
		1E5F6FFF1F4FE7CE4513C3CD /* UIKitNavigationRouter.swift */ = {isa = PBXFileReference; fileEncoding = 4; lastKnownFileType = sourcecode.swift; path = UIKitNavigationRouter.swift; sourceTree = "<group>"; };
		22A240E729CD884E0062221A /* SwiftUI Navigation.app */ = {isa = PBXFileReference; explicitFileType = wrapper.application; includeInIndex = 0; path = "SwiftUI Navigation.app"; sourceTree = BUILT_PRODUCTS_DIR; };
		22A240EA29CD884E0062221A /* SwiftUINavigationApp.swift */ = {isa = PBXFileReference; lastKnownFileType = sourcecode.swift; path = SwiftUINavigationApp.swift; sourceTree = "<group>"; };
		22A240EE29CD884F0062221A /* Assets.xcassets */ = {isa = PBXFileReference; lastKnownFileType = folder.assetcatalog; path = Assets.xcassets; sourceTree = "<group>"; };
		22A240F129CD884F0062221A /* Preview Assets.xcassets */ = {isa = PBXFileReference; lastKnownFileType = folder.assetcatalog; path = "Preview Assets.xcassets"; sourceTree = "<group>"; };
		22A240F729CD884F0062221A /* SwiftUI NavigationTests.xctest */ = {isa = PBXFileReference; explicitFileType = wrapper.cfbundle; includeInIndex = 0; path = "SwiftUI NavigationTests.xctest"; sourceTree = BUILT_PRODUCTS_DIR; };
		22A2411529CDB3D70062221A /* HomeView.swift */ = {isa = PBXFileReference; lastKnownFileType = sourcecode.swift; path = HomeView.swift; sourceTree = "<group>"; };
/* End PBXFileReference section */

/* Begin PBXFrameworksBuildPhase section */
		22A240E429CD884E0062221A /* Frameworks */ = {
			isa = PBXFrameworksBuildPhase;
			buildActionMask = 2147483647;
			files = (
				22A2412129D2D6B10062221A /* ConcurrentNgNetworkModule in Frameworks */,
				22A2412329D2D6B10062221A /* NgNetworkModuleCore in Frameworks */,
			);
			runOnlyForDeploymentPostprocessing = 0;
		};
		22A240F429CD884F0062221A /* Frameworks */ = {
			isa = PBXFrameworksBuildPhase;
			buildActionMask = 2147483647;
			files = (
				22EF8E0F29F2B375005039EF /* SnapshotTesting in Frameworks */,
			);
			runOnlyForDeploymentPostprocessing = 0;
		};
/* End PBXFrameworksBuildPhase section */

/* Begin PBXGroup section */
		1E5F602876204578CCDA7E3E /* Configuration */ = {
			isa = PBXGroup;
			children = (
				1E5F62B96BA2BD6CF1B6A96F /* AppConfiguration.swift */,
			);
			path = Configuration;
			sourceTree = "<group>";
		};
		1E5F607E45FAD13AEA2FB7DF /* App Info */ = {
			isa = PBXGroup;
			children = (
				1E5F6F30B8CB540FB14E7F3C /* AppInfoView.swift */,
				1E5F6728E9F0D0B7C80400A2 /* View Model */,
			);
			path = "App Info";
			sourceTree = "<group>";
		};
		1E5F608964443FE952063415 /* Edit Asset */ = {
			isa = PBXGroup;
			children = (
				1E5F66E0810409D23BBDC24B /* SwiftUIRouterEditAssetViewModel.swift */,
			);
			path = "Edit Asset";
			sourceTree = "<group>";
		};
		1E5F60B93171D3917EED23A9 /* Edit Asset */ = {
			isa = PBXGroup;
			children = (
				1E5F6BDB9696133C585F4B94 /* UIKitRouterEditAssetViewModel.swift */,
			);
			path = "Edit Asset";
			sourceTree = "<group>";
		};
		1E5F60DAF4A8922DC48D66F0 /* Assets List */ = {
			isa = PBXGroup;
			children = (
				1E5F6C4424E9237374C9B43E /* SwiftUIRouterAssetsListViewModel.swift */,
			);
			path = "Assets List";
			sourceTree = "<group>";
		};
		1E5F6112D5F25D1D081CCD06 /* Add Asset */ = {
			isa = PBXGroup;
			children = (
				1E5F61C05A9ABB8BEDB4CE1D /* View Model */,
				1E5F67DF48A6E47F6AEC3427 /* AddAssetView.swift */,
			);
			path = "Add Asset";
			sourceTree = "<group>";
		};
		1E5F613A804CD9A2123E5AE4 /* Networking */ = {
			isa = PBXGroup;
			children = (
				1E5F67DF69D3D515021129E4 /* NetworkingFactory.swift */,
				1E5F6E4C41899D002222052B /* Requests */,
				1E5F6270C69A564670A35633 /* Responses */,
				1E5F656797B5E7EE10D8DE58 /* Actions */,
			);
			path = Networking;
			sourceTree = "<group>";
		};
		1E5F6140293276D2D6ADF818 /* Storage */ = {
			isa = PBXGroup;
			children = (
				1E5F6B8D1ABC95641DE76D6C /* LocalStorage.swift */,
			);
			path = Storage;
			sourceTree = "<group>";
		};
		1E5F61937A5201ED57B56F09 /* Extensions */ = {
			isa = PBXGroup;
			children = (
				1E5F693AA1A3ECC8667C52DA /* DataExtensions.swift */,
				1E5F62EC10A006551AC82D61 /* EncodableExtensions.swift */,
				1E5F621D2D85C1D85A7AA6EB /* DateFormatterExtensions.swift */,
				1E5F66D7C71D4118FD020D09 /* ColorExtensions.swift */,
				1E5F6AF430C47F2B0BACFD9F /* BindingExtenstions.swift */,
				1E5F62C7F7EA51AF3A91A8D1 /* ViewExtensions.swift */,
				1E5F697BBE5C440A4A6FE7CD /* FoundationExtensions.swift */,
			);
			path = Extensions;
			sourceTree = "<group>";
		};
		1E5F61C05A9ABB8BEDB4CE1D /* View Model */ = {
			isa = PBXGroup;
			children = (
				1E5F680FD3A9C169EFA9373D /* AddAssetViewModel.swift */,
			);
			path = "View Model";
			sourceTree = "<group>";
		};
		1E5F61D52FEFD8E3D2AA2FB4 /* Router */ = {
			isa = PBXGroup;
			children = (
				1E5F632AA3F3569832746D24 /* SwiftUINavigationRouter.swift */,
				1E5F6978DB94ED509A012D9D /* PopupRoute.swift */,
				1E5F66A82E08E494DAA212F9 /* NavigationRoute.swift */,
				1E5F6A1E0878E6FB97E1BB64 /* AlertRoute.swift */,
				1E5F6D800C8D56BBC0583BF1 /* SwiftUIRouterHomeView.swift */,
			);
			path = Router;
			sourceTree = "<group>";
		};
		1E5F61D657C05CFD13DB3347 /* App Flows */ = {
			isa = PBXGroup;
			children = (
				1E5F6F46772AF13688F36095 /* Add Asset Flow */,
				1E5F6DA539421E8D397040FF /* Main App Flow */,
				1E5F62B3E8505BF1F8374DF7 /* App Info Flow */,
			);
			path = "App Flows";
			sourceTree = "<group>";
		};
		1E5F6270C69A564670A35633 /* Responses */ = {
			isa = PBXGroup;
			children = (
				1E5F6B428CB73BAC6F5E7928 /* GetAllAssetsResponse.swift */,
				1E5F69C745B13D00EC884E65 /* GetAssetsRatesResponse.swift */,
				1E5F6B78E8E410DF7653692C /* GetHistoricalAssetRatesResponse.swift */,
			);
			path = Responses;
			sourceTree = "<group>";
		};
		1E5F62B3E8505BF1F8374DF7 /* App Info Flow */ = {
			isa = PBXGroup;
			children = (
				1E5F6BD9C7C78DB560AA5F85 /* App Info */,
				1E5F64D05FD121699541E96B /* AppInfoFlowCoordinator.swift */,
				1E5F6C2BC688391D87A080AF /* AppInfoRoute.swift */,
			);
			path = "App Info Flow";
			sourceTree = "<group>";
		};
		1E5F62F377AA4A56F5769462 /* Dependency Provider */ = {
			isa = PBXGroup;
			children = (
				1E5F65C256BD8DB488CD5C4A /* DependencyProvider.swift */,
			);
			path = "Dependency Provider";
			sourceTree = "<group>";
		};
		1E5F62F488BB1F145B40C1AE /* View Model */ = {
			isa = PBXGroup;
			children = (
				1E5F62F3481D313C944ACFA8 /* EditAssetViewModel.swift */,
				1E5F62B76C71DB987CC38D90 /* EditAssetViewData.swift */,
			);
			path = "View Model";
			sourceTree = "<group>";
		};
		1E5F634DB07B94396D547DC7 /* UIKit Router */ = {
			isa = PBXGroup;
			children = (
				1E5F63068B9F1DA391B3F0A2 /* UIKitRouterHomeView.swift */,
				1E5F66FF8E0ECC21C8423800 /* RootViewController.swift */,
				1E5F6D141A46948A2CC2391A /* Flow Coordinator */,
				1E5F6D2E357112FC49C12383 /* Router */,
				1E5F61D657C05CFD13DB3347 /* App Flows */,
			);
			path = "UIKit Router";
			sourceTree = "<group>";
		};
		1E5F63A6282C15F72FC20F65 /* Asset Details */ = {
			isa = PBXGroup;
			children = (
				1E5F67F1B2C9859E296893B2 /* SwiftUIRouterAssetDetailsViewModel.swift */,
			);
			path = "Asset Details";
			sourceTree = "<group>";
		};
		1E5F6514B6A50F945F727440 /* Assets List */ = {
			isa = PBXGroup;
			children = (
				1E5F6922D4192704E8BA2765 /* View Model */,
				1E5F6495BD778A68B283DE93 /* AssetsListView.swift */,
			);
			path = "Assets List";
			sourceTree = "<group>";
		};
		1E5F655B6E4A14A6CD45A476 /* Data Providers */ = {
			isa = PBXGroup;
			children = (
				1E5F6ED10B46873CECD4E769 /* AssetsProvider.swift */,
				1E5F64D3DD883950523741A6 /* FavouriteAssetsManager.swift */,
				1E5F65AD420335232E62C3E0 /* BaseAssetManager.swift */,
				1E5F62CB7AFAC634BC18399F /* AssetsRatesProvider.swift */,
				1E5F6756B29F085E048BE334 /* HistoricalAssetRatesProvider.swift */,
			);
			path = "Data Providers";
			sourceTree = "<group>";
		};
		1E5F656797B5E7EE10D8DE58 /* Actions */ = {
			isa = PBXGroup;
			children = (
				1E5F6A9718DF9C65648716B8 /* AddApiKeyAction.swift */,
			);
			path = Actions;
			sourceTree = "<group>";
		};
		1E5F65CABFFF9A9B962F8FEA /* Navigtor */ = {
			isa = PBXGroup;
			children = (
				1E5F647A13070B3EF3FE332C /* Navigator.swift */,
			);
			path = Navigtor;
			sourceTree = "<group>";
		};
		1E5F660A48AAB90B2C52F6D6 /* Add Asset */ = {
			isa = PBXGroup;
			children = (
				1E5F60E868A50EE09C256C69 /* UIKitRouterAddAssetViewModel.swift */,
			);
			path = "Add Asset";
			sourceTree = "<group>";
		};
		1E5F6704B1489FC7F47D4163 /* Styles */ = {
			isa = PBXGroup;
			children = (
				1E5F6A45A82E6F2FF3B52058 /* TextStyles.swift */,
				1E5F649A8C7F147629FC911A /* ButtonStyles.swift */,
				1E5F66B7C599512A61C0AF02 /* CellStyles.swift */,
			);
			path = Styles;
			sourceTree = "<group>";
		};
		1E5F6728E9F0D0B7C80400A2 /* View Model */ = {
			isa = PBXGroup;
			children = (
				1E5F6F3610C2E447CFCA4D56 /* AppInfoViewModel.swift */,
			);
			path = "View Model";
			sourceTree = "<group>";
		};
		1E5F672E91373700FD694B2F /* Edit Asset */ = {
			isa = PBXGroup;
			children = (
				1E5F62F488BB1F145B40C1AE /* View Model */,
				1E5F639D79A4E8968413F3EB /* EditAssetView.swift */,
			);
			path = "Edit Asset";
			sourceTree = "<group>";
		};
		1E5F673791768D4BF1D562FD /* Asset Details */ = {
			isa = PBXGroup;
			children = (
				1E5F6E349CB72B2C6B2258BC /* AssetDetailsView.swift */,
				1E5F6AF5E9A970A849A63B56 /* View Model */,
			);
			path = "Asset Details";
			sourceTree = "<group>";
		};
		1E5F674035B38C8743A8437F /* Asset Details */ = {
			isa = PBXGroup;
			children = (
				1E5F676597786A1B6F634F6C /* UIKitRouterAssetDetailsViewModel.swift */,
			);
			path = "Asset Details";
			sourceTree = "<group>";
		};
		1E5F6788CD580B83E5AF5666 /* Component */ = {
			isa = PBXGroup;
			children = (
				1E5F6E7B2A5B22986A6546EE /* ViewComponent.swift */,
				1E5F64D3D6DC4BC8A829BA84 /* ViewComponentFactory.swift */,
			);
			path = Component;
			sourceTree = "<group>";
		};
		1E5F68317382932CA98AD561 /* SwiftUI Helpers */ = {
			isa = PBXGroup;
			children = (
				1E5F6906889C57FA4B4B18AD /* SwiftUINavigationHelpers.swift */,
			);
			path = "SwiftUI Helpers";
			sourceTree = "<group>";
		};
		1E5F684ACBAD512CBA88AFD0 /* SwiftUI Router */ = {
			isa = PBXGroup;
			children = (
				1E5F62F4DD3962CCD0CDD4AE /* NavigationRouterTests.swift */,
				1E5F6A47658A9C4AF39B488F /* SwiftUIRouterHomeViewTests.swift */,
			);
			path = "SwiftUI Router";
			sourceTree = "<group>";
		};
		1E5F689E67F27902A4692485 /* SwiftUI Router */ = {
			isa = PBXGroup;
			children = (
				1E5F61D52FEFD8E3D2AA2FB4 /* Router */,
				1E5F6CE41A1C11BAF4220C79 /* App Flows */,
				1E5F64FD9731162973BCC07F /* SwiftUIRouterHomeViewModel.swift */,
			);
			path = "SwiftUI Router";
			sourceTree = "<group>";
		};
		1E5F6922D4192704E8BA2765 /* View Model */ = {
			isa = PBXGroup;
			children = (
				1E5F6A12D97896299913E133 /* AssetsListViewModel.swift */,
			);
			path = "View Model";
			sourceTree = "<group>";
		};
		1E5F69C6442C3C340588468F /* Helpers */ = {
			isa = PBXGroup;
			children = (
				1E5F615290428A3160AB6EBD /* PopupDismissHandler.swift */,
			);
			path = Helpers;
			sourceTree = "<group>";
		};
		1E5F6A01B7B1057AFFAFC92D /* Assets List */ = {
			isa = PBXGroup;
			children = (
				1E5F66DA453B2DC5050E8690 /* UIKitRouterAssetsListViewModel.swift */,
			);
			path = "Assets List";
			sourceTree = "<group>";
		};
		1E5F6A63C041153C418F8AF3 /* Common */ = {
			isa = PBXGroup;
			children = (
				1E5F6CC09EB870FC8EF411FB /* Views */,
				1E5F68317382932CA98AD561 /* SwiftUI Helpers */,
				1E5F613A804CD9A2123E5AE4 /* Networking */,
				1E5F655B6E4A14A6CD45A476 /* Data Providers */,
				1E5F602876204578CCDA7E3E /* Configuration */,
				1E5F6704B1489FC7F47D4163 /* Styles */,
				1E5F6140293276D2D6ADF818 /* Storage */,
				1E5F61937A5201ED57B56F09 /* Extensions */,
				1E5F6E1FAB60DC8F3CCB2F7E /* Date Provider */,
				1E5F62F377AA4A56F5769462 /* Dependency Provider */,
			);
			path = Common;
			sourceTree = "<group>";
		};
		1E5F6AF5E9A970A849A63B56 /* View Model */ = {
			isa = PBXGroup;
			children = (
				1E5F6A7520CA58C80FF53D7C /* AssetDetailsViewModel.swift */,
				1E5F6F11D7D0CAE9D001F4BB /* AssetDetailsViewData.swift */,
			);
			path = "View Model";
			sourceTree = "<group>";
		};
		1E5F6B064ACD7EF6168ECEA2 /* Add Asset */ = {
			isa = PBXGroup;
			children = (
				1E5F6A3E0D2CEDEE635E08FF /* SwiftUIRouterAddAssetViewModel.swift */,
			);
			path = "Add Asset";
			sourceTree = "<group>";
		};
		1E5F6BD2C82B043ADE4F7CA9 /* UIKit Router */ = {
			isa = PBXGroup;
			children = (
				1E5F69C1F6E2D701EDAA30BB /* MainAppFlowCoordinatorTests.swift */,
				1E5F628C0DED74EDCD784FBE /* UIKitNavigationRouterTests.swift */,
			);
			path = "UIKit Router";
			sourceTree = "<group>";
		};
		1E5F6BD9C7C78DB560AA5F85 /* App Info */ = {
			isa = PBXGroup;
			children = (
				1E5F6D9A86EF37996C14E689 /* UIKitRouterAppInfoViewModel.swift */,
			);
			path = "App Info";
			sourceTree = "<group>";
		};
		1E5F6C9B58A7396DCD738B7E /* Fakes and Mocks */ = {
			isa = PBXGroup;
			children = (
				1E5F64F0B61F8CD1F9DC5D2D /* FakeSwiftUIRouterHomeViewModel.swift */,
				1E5F6AFFC7F205830280B067 /* FakeFavouriteAssetsManager.swift */,
				1E5F67597A450FA03D79FBD4 /* FakeSwiftUINavigationRouter.swift */,
				1E5F6CD9ED55CE38F4BB3EAD /* FakeNavigator.swift */,
				1E5F693FEBBD51213CB5A878 /* FakeDependencyProvider.swift */,
				1E5F6D641B30D05D26E6FE03 /* FakeAssetsProvider.swift */,
				1E5F65A2C2EC4C6E16BC1EC5 /* FakeUIKitNavigationRouter.swift */,
				1E5F6C738A4881C798C93A14 /* FakeAssetsRatesProvider.swift */,
				1E5F64CD4974E37910C9EEC5 /* FakeHistoricalAssetRatesProvider.swift */,
				1E5F64715F68F6BBB5DAF527 /* FakeFlowCoordinator.swift */,
			);
			path = "Fakes and Mocks";
			sourceTree = "<group>";
		};
		1E5F6CAE9AD3EB1720F24803 /* Model */ = {
			isa = PBXGroup;
			children = (
				1E5F66D232288278ED1B8C3A /* Asset.swift */,
				1E5F6D63394BAFC5740E6D04 /* AssetPerfromance.swift */,
				1E5F61502B84D29CC2CD70EB /* AssetPrice.swift */,
				1E5F68A8E8FD64DB4034812A /* AssetHistoricalRate.swift */,
			);
			path = Model;
			sourceTree = "<group>";
		};
		1E5F6CC09EB870FC8EF411FB /* Views */ = {
			isa = PBXGroup;
			children = (
				1E5F6A2ADAD32E86720C4618 /* LoaderView.swift */,
				1E5F6ACF56D04137AD3CEF1A /* PrimaryButton.swift */,
				1E5F603897308982FC8A888B /* SwiftUISearchBar.swift */,
				1E5F60AC3539DC38DF1B5CBE /* AssetCellView.swift */,
				1E5F62963DAC2184DB0CBA40 /* FavouriteAssetCellView.swift */,
				1E5F6805DDEB00513279C1B5 /* ChartView.swift */,
				1E5F6514B6A50F945F727440 /* Assets List */,
				1E5F673791768D4BF1D562FD /* Asset Details */,
				1E5F672E91373700FD694B2F /* Edit Asset */,
				1E5F6112D5F25D1D081CCD06 /* Add Asset */,
				1E5F607E45FAD13AEA2FB7DF /* App Info */,
			);
			path = Views;
			sourceTree = "<group>";
		};
		1E5F6CE41A1C11BAF4220C79 /* App Flows */ = {
			isa = PBXGroup;
			children = (
				1E5F6B064ACD7EF6168ECEA2 /* Add Asset */,
				1E5F60DAF4A8922DC48D66F0 /* Assets List */,
				1E5F63A6282C15F72FC20F65 /* Asset Details */,
				1E5F608964443FE952063415 /* Edit Asset */,
				1E5F6D95F08FA2884632EC10 /* App Info */,
			);
			path = "App Flows";
			sourceTree = "<group>";
		};
		1E5F6D141A46948A2CC2391A /* Flow Coordinator */ = {
			isa = PBXGroup;
			children = (
				1E5F63438AF851E166F155A5 /* FlowCoordinator.swift */,
				1E5F6F01E0AEDAD6FB6026E6 /* Route */,
				1E5F6788CD580B83E5AF5666 /* Component */,
				1E5F68E48A3A9DDA311A80C8 /* FlowCoordinatorFactory.swift */,
				1E5F65CABFFF9A9B962F8FEA /* Navigtor */,
				1E5F69C6442C3C340588468F /* Helpers */,
			);
			path = "Flow Coordinator";
			sourceTree = "<group>";
		};
		1E5F6D2E357112FC49C12383 /* Router */ = {
			isa = PBXGroup;
			children = (
				1E5F6FFF1F4FE7CE4513C3CD /* UIKitNavigationRouter.swift */,
			);
			path = Router;
			sourceTree = "<group>";
		};
		1E5F6D95F08FA2884632EC10 /* App Info */ = {
			isa = PBXGroup;
			children = (
				1E5F69FF2BA2D6B0995D6DBF /* SwiftUIRouterAppInfoViewModel.swift */,
			);
			path = "App Info";
			sourceTree = "<group>";
		};
		1E5F6DA539421E8D397040FF /* Main App Flow */ = {
			isa = PBXGroup;
			children = (
				1E5F674035B38C8743A8437F /* Asset Details */,
				1E5F60B93171D3917EED23A9 /* Edit Asset */,
				1E5F6A01B7B1057AFFAFC92D /* Assets List */,
				1E5F69E2EDB3C0A37180E396 /* MainAppRoute.swift */,
				1E5F6B7A33B36CFB40E19864 /* MainAppFlowCoordinator.swift */,
			);
			path = "Main App Flow";
			sourceTree = "<group>";
		};
		1E5F6DAF5C61A328502BE8B1 /* Home */ = {
			isa = PBXGroup;
			children = (
				22A2411529CDB3D70062221A /* HomeView.swift */,
			);
			path = Home;
			sourceTree = "<group>";
		};
		1E5F6DE3C4432923A3DE8FC0 /* Test Helpers */ = {
			isa = PBXGroup;
			children = (
				1E5F66FB4102C86221E00D50 /* XCTestCaseSnapshotExtensions.swift */,
				1E5F6CF6F2A93781697838CF /* SnapshottingExtensions.swift */,
				1E5F6AFD51A287CB2B0DD32F /* UIApplicationExtensions.swift */,
				1E5F63C5B93C64ECFD7B250D /* UIViewExtension.swift */,
				1E5F607D5A7DF73D95BAD380 /* UIViewControllerExtensions.swift */,
			);
			path = "Test Helpers";
			sourceTree = "<group>";
		};
		1E5F6E1FAB60DC8F3CCB2F7E /* Date Provider */ = {
			isa = PBXGroup;
			children = (
				1E5F6054E015178D9AFCEF0C /* DateProvider.swift */,
			);
			path = "Date Provider";
			sourceTree = "<group>";
		};
		1E5F6E4C41899D002222052B /* Requests */ = {
			isa = PBXGroup;
			children = (
				1E5F643C13E91E6B9CD3C121 /* GetAllAssetsRequest.swift */,
				1E5F678251E7C86105EEF14B /* GetAssetsRatesRequest.swift */,
				1E5F6E94E3D62B5565DE45B6 /* GetHistoricalAssetRatesRequest.swift */,
			);
			path = Requests;
			sourceTree = "<group>";
		};
		1E5F6F01E0AEDAD6FB6026E6 /* Route */ = {
			isa = PBXGroup;
			children = (
				1E5F649113A19B112322E17E /* Route.swift */,
			);
			path = Route;
			sourceTree = "<group>";
		};
		1E5F6F46772AF13688F36095 /* Add Asset Flow */ = {
			isa = PBXGroup;
			children = (
				1E5F69FB9D02607102804106 /* AddAssetFlowCoordinator.swift */,
				1E5F660A48AAB90B2C52F6D6 /* Add Asset */,
				1E5F656A2479FC54684F17FE /* AddAssetRoute.swift */,
			);
			path = "Add Asset Flow";
			sourceTree = "<group>";
		};
		22A240DE29CD884E0062221A = {
			isa = PBXGroup;
			children = (
				22A240E929CD884E0062221A /* SwiftUI Navigation */,
				22A240FA29CD884F0062221A /* SwiftUI NavigationTests */,
				22A240E829CD884E0062221A /* Products */,
			);
			sourceTree = "<group>";
		};
		22A240E829CD884E0062221A /* Products */ = {
			isa = PBXGroup;
			children = (
				22A240E729CD884E0062221A /* SwiftUI Navigation.app */,
				22A240F729CD884F0062221A /* SwiftUI NavigationTests.xctest */,
			);
			name = Products;
			sourceTree = "<group>";
		};
		22A240E929CD884E0062221A /* SwiftUI Navigation */ = {
			isa = PBXGroup;
			children = (
				22A240EA29CD884E0062221A /* SwiftUINavigationApp.swift */,
				22A240EE29CD884F0062221A /* Assets.xcassets */,
				22A240F029CD884F0062221A /* Preview Content */,
				1E5F6DAF5C61A328502BE8B1 /* Home */,
				1E5F689E67F27902A4692485 /* SwiftUI Router */,
				1E5F6A63C041153C418F8AF3 /* Common */,
				1E5F6CAE9AD3EB1720F24803 /* Model */,
				1E5F634DB07B94396D547DC7 /* UIKit Router */,
			);
			path = "SwiftUI Navigation";
			sourceTree = "<group>";
		};
		22A240F029CD884F0062221A /* Preview Content */ = {
			isa = PBXGroup;
			children = (
				22A240F129CD884F0062221A /* Preview Assets.xcassets */,
				1E5F6DB75761609FE4E69ACF /* PreviewFixtures.swift */,
			);
			path = "Preview Content";
			sourceTree = "<group>";
		};
		22A240FA29CD884F0062221A /* SwiftUI NavigationTests */ = {
			isa = PBXGroup;
			children = (
				1E5F684ACBAD512CBA88AFD0 /* SwiftUI Router */,
				1E5F6DE3C4432923A3DE8FC0 /* Test Helpers */,
				1E5F6C9B58A7396DCD738B7E /* Fakes and Mocks */,
				1E5F6BD2C82B043ADE4F7CA9 /* UIKit Router */,
			);
			path = "SwiftUI NavigationTests";
			sourceTree = "<group>";
		};
/* End PBXGroup section */

/* Begin PBXNativeTarget section */
		22A240E629CD884E0062221A /* SwiftUI Navigation */ = {
			isa = PBXNativeTarget;
			buildConfigurationList = 22A2410B29CD884F0062221A /* Build configuration list for PBXNativeTarget "SwiftUI Navigation" */;
			buildPhases = (
				22A2411429CD8A4A0062221A /* Swift Format */,
				22A240E329CD884E0062221A /* Sources */,
				22A240E429CD884E0062221A /* Frameworks */,
				22A240E529CD884E0062221A /* Resources */,
			);
			buildRules = (
			);
			dependencies = (
			);
			name = "SwiftUI Navigation";
			packageProductDependencies = (
				22A2412029D2D6B10062221A /* ConcurrentNgNetworkModule */,
				22A2412229D2D6B10062221A /* NgNetworkModuleCore */,
			);
			productName = "SwiftUI Navigation";
			productReference = 22A240E729CD884E0062221A /* SwiftUI Navigation.app */;
			productType = "com.apple.product-type.application";
		};
		22A240F629CD884F0062221A /* SwiftUI NavigationTests */ = {
			isa = PBXNativeTarget;
			buildConfigurationList = 22A2410E29CD884F0062221A /* Build configuration list for PBXNativeTarget "SwiftUI NavigationTests" */;
			buildPhases = (
				22A240F329CD884F0062221A /* Sources */,
				22A240F429CD884F0062221A /* Frameworks */,
				22A240F529CD884F0062221A /* Resources */,
			);
			buildRules = (
			);
			dependencies = (
				22A240F929CD884F0062221A /* PBXTargetDependency */,
			);
			name = "SwiftUI NavigationTests";
			packageProductDependencies = (
				22EF8E0E29F2B375005039EF /* SnapshotTesting */,
			);
			productName = "SwiftUI NavigationTests";
			productReference = 22A240F729CD884F0062221A /* SwiftUI NavigationTests.xctest */;
			productType = "com.apple.product-type.bundle.unit-test";
		};
/* End PBXNativeTarget section */

/* Begin PBXProject section */
		22A240DF29CD884E0062221A /* Project object */ = {
			isa = PBXProject;
			attributes = {
				BuildIndependentTargetsInParallel = 1;
				LastSwiftUpdateCheck = 1420;
				LastUpgradeCheck = 1420;
				TargetAttributes = {
					22A240E629CD884E0062221A = {
						CreatedOnToolsVersion = 14.2;
					};
					22A240F629CD884F0062221A = {
						CreatedOnToolsVersion = 14.2;
						TestTargetID = 22A240E629CD884E0062221A;
					};
				};
			};
			buildConfigurationList = 22A240E229CD884E0062221A /* Build configuration list for PBXProject "SwiftUI Navigation" */;
			compatibilityVersion = "Xcode 14.0";
			developmentRegion = en;
			hasScannedForEncodings = 0;
			knownRegions = (
				en,
				Base,
			);
			mainGroup = 22A240DE29CD884E0062221A;
			packageReferences = (
				22A2411F29D2D6B10062221A /* XCRemoteSwiftPackageReference "ng-ios-network-module" */,
				22EF8E0D29F2B375005039EF /* XCRemoteSwiftPackageReference "swift-snapshot-testing" */,
			);
			productRefGroup = 22A240E829CD884E0062221A /* Products */;
			projectDirPath = "";
			projectRoot = "";
			targets = (
				22A240E629CD884E0062221A /* SwiftUI Navigation */,
				22A240F629CD884F0062221A /* SwiftUI NavigationTests */,
			);
		};
/* End PBXProject section */

/* Begin PBXResourcesBuildPhase section */
		22A240E529CD884E0062221A /* Resources */ = {
			isa = PBXResourcesBuildPhase;
			buildActionMask = 2147483647;
			files = (
				22A240F229CD884F0062221A /* Preview Assets.xcassets in Resources */,
				22A240EF29CD884F0062221A /* Assets.xcassets in Resources */,
			);
			runOnlyForDeploymentPostprocessing = 0;
		};
		22A240F529CD884F0062221A /* Resources */ = {
			isa = PBXResourcesBuildPhase;
			buildActionMask = 2147483647;
			files = (
			);
			runOnlyForDeploymentPostprocessing = 0;
		};
/* End PBXResourcesBuildPhase section */

/* Begin PBXShellScriptBuildPhase section */
		22A2411429CD8A4A0062221A /* Swift Format */ = {
			isa = PBXShellScriptBuildPhase;
			alwaysOutOfDate = 1;
			buildActionMask = 2147483647;
			files = (
			);
			inputFileListPaths = (
			);
			inputPaths = (
			);
			name = "Swift Format";
			outputFileListPaths = (
			);
			outputPaths = (
			);
			runOnlyForDeploymentPostprocessing = 0;
			shellPath = /bin/sh;
			shellScript = "cd BuildTools\nSDKROOT=(xcrun --sdk macosx --show-sdk-path)\n#swift package update #Uncomment this line temporarily to update the version used to the latest matching your BuildTools/Package.swift file\nswift run -c release swiftformat \"$SRCROOT\"\n";
		};
/* End PBXShellScriptBuildPhase section */

/* Begin PBXSourcesBuildPhase section */
		22A240E329CD884E0062221A /* Sources */ = {
			isa = PBXSourcesBuildPhase;
			buildActionMask = 2147483647;
			files = (
				22A2411629CDB3D70062221A /* HomeView.swift in Sources */,
				22A240EB29CD884E0062221A /* SwiftUINavigationApp.swift in Sources */,
				1E5F6DA01451D2A011DF4BEF /* SwiftUINavigationRouter.swift in Sources */,
				1E5F674324488CED3B65E96D /* PopupRoute.swift in Sources */,
				1E5F68000B7C9986CD5511E6 /* NavigationRoute.swift in Sources */,
				1E5F6BCFDC480A9A3F864042 /* AlertRoute.swift in Sources */,
				1E5F6640F0B7D7B35954CD55 /* SwiftUINavigationHelpers.swift in Sources */,
				1E5F607D6CFF4E3B2F043FE9 /* AssetsProvider.swift in Sources */,
				1E5F6F527C264548EF03622D /* Asset.swift in Sources */,
				1E5F6DA12439EA913CB79274 /* NetworkingFactory.swift in Sources */,
				1E5F62F61DA12BE05DA65BC3 /* AppConfiguration.swift in Sources */,
				1E5F629F4FA4352566D43781 /* GetAllAssetsRequest.swift in Sources */,
				1E5F6C5773CE0FB88CF06F91 /* GetAllAssetsResponse.swift in Sources */,
				1E5F64E11B13700DEBD34FCD /* LoaderView.swift in Sources */,
				1E5F6677B6C419E56E874B90 /* PrimaryButton.swift in Sources */,
				1E5F6C531D0A88DF8258C56E /* TextStyles.swift in Sources */,
				1E5F6CA2E396E4FD04AD84CF /* ButtonStyles.swift in Sources */,
				1E5F660E0EA31ED2D6BF4AC8 /* PreviewFixtures.swift in Sources */,
				1E5F6D811BA324B2FF7D704D /* AddApiKeyAction.swift in Sources */,
				1E5F6C05C4D39B39C2ECC368 /* SwiftUISearchBar.swift in Sources */,
				1E5F621225E06818D1EA2C4C /* CellStyles.swift in Sources */,
				1E5F6D7AA2CCCEBA608A6646 /* LocalStorage.swift in Sources */,
				1E5F6CF5AA423265CA2B1487 /* FavouriteAssetsManager.swift in Sources */,
				1E5F60C4FE4AEDFDCCD9D9B9 /* DataExtensions.swift in Sources */,
				1E5F692819ACB45F55BA9731 /* EncodableExtensions.swift in Sources */,
				1E5F6B1A494ADEE4D5D339A0 /* AssetCellView.swift in Sources */,
				1E5F6FD0D9DC4E482202BE02 /* FavouriteAssetCellView.swift in Sources */,
				1E5F6AB3D5E6A0992833CC62 /* SwiftUIRouterHomeViewModel.swift in Sources */,
				1E5F6EEDE9D460E07419B6B4 /* BaseAssetManager.swift in Sources */,
				1E5F67524A9EC8BA04B29AAC /* AssetsRatesProvider.swift in Sources */,
				1E5F6BE26A2B7DCB536D4E62 /* AssetPerfromance.swift in Sources */,
				1E5F63FD142A37308336F761 /* AssetPrice.swift in Sources */,
				1E5F607E4114DFF0FB78AFF7 /* GetAssetsRatesRequest.swift in Sources */,
				1E5F6E4EB4450803E9C918A3 /* GetAssetsRatesResponse.swift in Sources */,
				1E5F65268F5915DA83C6C07B /* DateFormatterExtensions.swift in Sources */,
				1E5F600DA95717E5B412B8C4 /* ColorExtensions.swift in Sources */,
				1E5F6A82F9662B725628332C /* BindingExtenstions.swift in Sources */,
				1E5F6EEC19B4D8B29EE3D898 /* ChartView.swift in Sources */,
				1E5F697C7F49C976D0FA2707 /* GetHistoricalAssetRatesRequest.swift in Sources */,
				1E5F6C7A991D475040AE12F8 /* GetHistoricalAssetRatesResponse.swift in Sources */,
				1E5F674483DB660ABA0D5066 /* HistoricalAssetRatesProvider.swift in Sources */,
				1E5F6558A524D1A3E6A530C5 /* AssetHistoricalRate.swift in Sources */,
				1E5F64EEE83605707C061341 /* DateProvider.swift in Sources */,
				1E5F6B3CCF0DA2812D33E053 /* UIKitRouterHomeView.swift in Sources */,
				1E5F6F1766C92764CB33B2CD /* RootViewController.swift in Sources */,
				1E5F6BC9BDEDCDF03234283D /* FlowCoordinator.swift in Sources */,
				1E5F6958741A5CEAF1B091B5 /* Route.swift in Sources */,
				1E5F65C6FA0D8DE93B6D76D0 /* ViewComponent.swift in Sources */,
				1E5F6AF5EAEDC6AA76892073 /* ViewComponentFactory.swift in Sources */,
				1E5F6693486C7D375CA4D46A /* FlowCoordinatorFactory.swift in Sources */,
				1E5F67FA36EBB6557A600BFD /* Navigator.swift in Sources */,
				1E5F63B07B24C9B588BDF489 /* SwiftUIRouterAssetsListViewModel.swift in Sources */,
				1E5F6EA1A8F2E8B2C42BC509 /* AssetsListViewModel.swift in Sources */,
				1E5F669EA5F1A077646423EF /* AssetsListView.swift in Sources */,
				1E5F670ED38F9A5470831FFA /* SwiftUIRouterHomeView.swift in Sources */,
				1E5F67D56BB2A81B3059B228 /* DependencyProvider.swift in Sources */,
				1E5F6237FA399CA1FDFC964A /* UIKitNavigationRouter.swift in Sources */,
				1E5F61C91AE57E59A19C2453 /* AssetDetailsView.swift in Sources */,
				1E5F630214DA0C2CA32107E3 /* AssetDetailsViewModel.swift in Sources */,
				1E5F6B1A37F169119DF6A8FE /* AssetDetailsViewData.swift in Sources */,
				1E5F6C3C00C4EC00033DB672 /* SwiftUIRouterAssetDetailsViewModel.swift in Sources */,
				1E5F662295189AA73CAFBCD4 /* EditAssetViewModel.swift in Sources */,
				1E5F64A9523213A865E850B4 /* EditAssetViewData.swift in Sources */,
				1E5F67B06416348FB75F0BE7 /* EditAssetView.swift in Sources */,
				1E5F67A937F4910533C00E5A /* SwiftUIRouterEditAssetViewModel.swift in Sources */,
				1E5F66058EA934388B12BC4E /* ViewExtensions.swift in Sources */,
				1E5F6FD0304DD9DE9329AA32 /* FoundationExtensions.swift in Sources */,
				1E5F670E616A66C3A3A06023 /* PopupDismissHandler.swift in Sources */,
				1E5F68EB3479D9D877AE188D /* UIKitRouterAssetDetailsViewModel.swift in Sources */,
				1E5F680F8256D9B892A016AF /* UIKitRouterEditAssetViewModel.swift in Sources */,
				1E5F69C8F8CEB1FF5F283AAC /* UIKitRouterAssetsListViewModel.swift in Sources */,
				1E5F6DBB57E772A0B7A57B66 /* MainAppRoute.swift in Sources */,
				1E5F696B7A59CF7EF9244E75 /* MainAppFlowCoordinator.swift in Sources */,
				1E5F69BE2FBACF9A1F633F34 /* AddAssetFlowCoordinator.swift in Sources */,
				1E5F6DB2F505347468EC492B /* AddAssetRoute.swift in Sources */,
				1E5F6928B5103B50BE32B3B9 /* AddAssetViewModel.swift in Sources */,
				1E5F6B7C20A31EA17D8B08DB /* AddAssetView.swift in Sources */,
				1E5F6F86821824C57F6CF6CE /* UIKitRouterAddAssetViewModel.swift in Sources */,
				1E5F696CC6F290B422093D3E /* SwiftUIRouterAddAssetViewModel.swift in Sources */,
				1E5F6BD5A17C39BC8EB33B4D /* AppInfoView.swift in Sources */,
				1E5F65A7159F26AE5184160F /* AppInfoViewModel.swift in Sources */,
				1E5F6C49351E7A9FFCB2F152 /* SwiftUIRouterAppInfoViewModel.swift in Sources */,
				1E5F675F142ABC55301C4A76 /* UIKitRouterAppInfoViewModel.swift in Sources */,
				1E5F6189EA46DC63152DEAEB /* AppInfoFlowCoordinator.swift in Sources */,
				1E5F68AB95C7433F4AD0D530 /* AppInfoRoute.swift in Sources */,
			);
			runOnlyForDeploymentPostprocessing = 0;
		};
		22A240F329CD884F0062221A /* Sources */ = {
			isa = PBXSourcesBuildPhase;
			buildActionMask = 2147483647;
			files = (
				1E5F6A7A1599F4FEC3DFC5F5 /* NavigationRouterTests.swift in Sources */,
				1E5F65AD89483BFA15C4A631 /* XCTestCaseSnapshotExtensions.swift in Sources */,
				1E5F6017CD3E443E0DC10BF7 /* SwiftUIRouterHomeViewTests.swift in Sources */,
				1E5F6FA3EF112F30B935634A /* FakeSwiftUIRouterHomeViewModel.swift in Sources */,
				1E5F6079305957AE21B5B4BB /* FakeFavouriteAssetsManager.swift in Sources */,
				1E5F6384731A399F1FE7EC7C /* FakeSwiftUINavigationRouter.swift in Sources */,
				1E5F641395C5BB7E0BBDBC0F /* SnapshottingExtensions.swift in Sources */,
				1E5F66EA138913FBE2B872CE /* UIApplicationExtensions.swift in Sources */,
				1E5F64D812A28AE9C61F5654 /* UIViewExtension.swift in Sources */,
				1E5F6AF94AD3F6192B5A550B /* UIViewControllerExtensions.swift in Sources */,
				1E5F6579522804EB7E27BB30 /* MainAppFlowCoordinatorTests.swift in Sources */,
				1E5F673C725480D1C460E8F5 /* UIKitNavigationRouterTests.swift in Sources */,
				1E5F614E095516995D424833 /* FakeNavigator.swift in Sources */,
				1E5F658963BE56E11B8DDA27 /* FakeDependencyProvider.swift in Sources */,
				1E5F61CF6AC48C22B1D2396C /* FakeAssetsProvider.swift in Sources */,
				1E5F69A03DD9F970E906217E /* FakeUIKitNavigationRouter.swift in Sources */,
				1E5F6413EC0D9B72E2241835 /* FakeAssetsRatesProvider.swift in Sources */,
				1E5F6F1806DEA170E671F724 /* FakeHistoricalAssetRatesProvider.swift in Sources */,
				1E5F64F58F81A683EABF9241 /* FakeFlowCoordinator.swift in Sources */,
			);
			runOnlyForDeploymentPostprocessing = 0;
		};
/* End PBXSourcesBuildPhase section */

/* Begin PBXTargetDependency section */
		22A240F929CD884F0062221A /* PBXTargetDependency */ = {
			isa = PBXTargetDependency;
			target = 22A240E629CD884E0062221A /* SwiftUI Navigation */;
			targetProxy = 22A240F829CD884F0062221A /* PBXContainerItemProxy */;
		};
/* End PBXTargetDependency section */

/* Begin XCBuildConfiguration section */
		22A2410929CD884F0062221A /* Debug */ = {
			isa = XCBuildConfiguration;
			buildSettings = {
				ALWAYS_SEARCH_USER_PATHS = NO;
				CLANG_ANALYZER_NONNULL = YES;
				CLANG_ANALYZER_NUMBER_OBJECT_CONVERSION = YES_AGGRESSIVE;
				CLANG_CXX_LANGUAGE_STANDARD = "gnu++20";
				CLANG_ENABLE_MODULES = YES;
				CLANG_ENABLE_OBJC_ARC = YES;
				CLANG_ENABLE_OBJC_WEAK = YES;
				CLANG_WARN_BLOCK_CAPTURE_AUTORELEASING = YES;
				CLANG_WARN_BOOL_CONVERSION = YES;
				CLANG_WARN_COMMA = YES;
				CLANG_WARN_CONSTANT_CONVERSION = YES;
				CLANG_WARN_DEPRECATED_OBJC_IMPLEMENTATIONS = YES;
				CLANG_WARN_DIRECT_OBJC_ISA_USAGE = YES_ERROR;
				CLANG_WARN_DOCUMENTATION_COMMENTS = YES;
				CLANG_WARN_EMPTY_BODY = YES;
				CLANG_WARN_ENUM_CONVERSION = YES;
				CLANG_WARN_INFINITE_RECURSION = YES;
				CLANG_WARN_INT_CONVERSION = YES;
				CLANG_WARN_NON_LITERAL_NULL_CONVERSION = YES;
				CLANG_WARN_OBJC_IMPLICIT_RETAIN_SELF = YES;
				CLANG_WARN_OBJC_LITERAL_CONVERSION = YES;
				CLANG_WARN_OBJC_ROOT_CLASS = YES_ERROR;
				CLANG_WARN_QUOTED_INCLUDE_IN_FRAMEWORK_HEADER = YES;
				CLANG_WARN_RANGE_LOOP_ANALYSIS = YES;
				CLANG_WARN_STRICT_PROTOTYPES = YES;
				CLANG_WARN_SUSPICIOUS_MOVE = YES;
				CLANG_WARN_UNGUARDED_AVAILABILITY = YES_AGGRESSIVE;
				CLANG_WARN_UNREACHABLE_CODE = YES;
				CLANG_WARN__DUPLICATE_METHOD_MATCH = YES;
				COPY_PHASE_STRIP = NO;
				DEBUG_INFORMATION_FORMAT = dwarf;
				ENABLE_STRICT_OBJC_MSGSEND = YES;
				ENABLE_TESTABILITY = YES;
				GCC_C_LANGUAGE_STANDARD = gnu11;
				GCC_DYNAMIC_NO_PIC = NO;
				GCC_NO_COMMON_BLOCKS = YES;
				GCC_OPTIMIZATION_LEVEL = 0;
				GCC_PREPROCESSOR_DEFINITIONS = (
					"DEBUG=1",
					"$(inherited)",
				);
				GCC_WARN_64_TO_32_BIT_CONVERSION = YES;
				GCC_WARN_ABOUT_RETURN_TYPE = YES_ERROR;
				GCC_WARN_UNDECLARED_SELECTOR = YES;
				GCC_WARN_UNINITIALIZED_AUTOS = YES_AGGRESSIVE;
				GCC_WARN_UNUSED_FUNCTION = YES;
				GCC_WARN_UNUSED_VARIABLE = YES;
				IPHONEOS_DEPLOYMENT_TARGET = 16.0;
				MTL_ENABLE_DEBUG_INFO = INCLUDE_SOURCE;
				MTL_FAST_MATH = YES;
				ONLY_ACTIVE_ARCH = YES;
				SDKROOT = iphoneos;
				SWIFT_ACTIVE_COMPILATION_CONDITIONS = DEBUG;
				SWIFT_OPTIMIZATION_LEVEL = "-Onone";
			};
			name = Debug;
		};
		22A2410A29CD884F0062221A /* Release */ = {
			isa = XCBuildConfiguration;
			buildSettings = {
				ALWAYS_SEARCH_USER_PATHS = NO;
				CLANG_ANALYZER_NONNULL = YES;
				CLANG_ANALYZER_NUMBER_OBJECT_CONVERSION = YES_AGGRESSIVE;
				CLANG_CXX_LANGUAGE_STANDARD = "gnu++20";
				CLANG_ENABLE_MODULES = YES;
				CLANG_ENABLE_OBJC_ARC = YES;
				CLANG_ENABLE_OBJC_WEAK = YES;
				CLANG_WARN_BLOCK_CAPTURE_AUTORELEASING = YES;
				CLANG_WARN_BOOL_CONVERSION = YES;
				CLANG_WARN_COMMA = YES;
				CLANG_WARN_CONSTANT_CONVERSION = YES;
				CLANG_WARN_DEPRECATED_OBJC_IMPLEMENTATIONS = YES;
				CLANG_WARN_DIRECT_OBJC_ISA_USAGE = YES_ERROR;
				CLANG_WARN_DOCUMENTATION_COMMENTS = YES;
				CLANG_WARN_EMPTY_BODY = YES;
				CLANG_WARN_ENUM_CONVERSION = YES;
				CLANG_WARN_INFINITE_RECURSION = YES;
				CLANG_WARN_INT_CONVERSION = YES;
				CLANG_WARN_NON_LITERAL_NULL_CONVERSION = YES;
				CLANG_WARN_OBJC_IMPLICIT_RETAIN_SELF = YES;
				CLANG_WARN_OBJC_LITERAL_CONVERSION = YES;
				CLANG_WARN_OBJC_ROOT_CLASS = YES_ERROR;
				CLANG_WARN_QUOTED_INCLUDE_IN_FRAMEWORK_HEADER = YES;
				CLANG_WARN_RANGE_LOOP_ANALYSIS = YES;
				CLANG_WARN_STRICT_PROTOTYPES = YES;
				CLANG_WARN_SUSPICIOUS_MOVE = YES;
				CLANG_WARN_UNGUARDED_AVAILABILITY = YES_AGGRESSIVE;
				CLANG_WARN_UNREACHABLE_CODE = YES;
				CLANG_WARN__DUPLICATE_METHOD_MATCH = YES;
				COPY_PHASE_STRIP = NO;
				DEBUG_INFORMATION_FORMAT = "dwarf-with-dsym";
				ENABLE_NS_ASSERTIONS = NO;
				ENABLE_STRICT_OBJC_MSGSEND = YES;
				GCC_C_LANGUAGE_STANDARD = gnu11;
				GCC_NO_COMMON_BLOCKS = YES;
				GCC_WARN_64_TO_32_BIT_CONVERSION = YES;
				GCC_WARN_ABOUT_RETURN_TYPE = YES_ERROR;
				GCC_WARN_UNDECLARED_SELECTOR = YES;
				GCC_WARN_UNINITIALIZED_AUTOS = YES_AGGRESSIVE;
				GCC_WARN_UNUSED_FUNCTION = YES;
				GCC_WARN_UNUSED_VARIABLE = YES;
				IPHONEOS_DEPLOYMENT_TARGET = 16.0;
				MTL_ENABLE_DEBUG_INFO = NO;
				MTL_FAST_MATH = YES;
				SDKROOT = iphoneos;
				SWIFT_COMPILATION_MODE = wholemodule;
				SWIFT_OPTIMIZATION_LEVEL = "-O";
				VALIDATE_PRODUCT = YES;
			};
			name = Release;
		};
		22A2410C29CD884F0062221A /* Debug */ = {
			isa = XCBuildConfiguration;
			buildSettings = {
				ASSETCATALOG_COMPILER_APPICON_NAME = AppIcon;
				ASSETCATALOG_COMPILER_GLOBAL_ACCENT_COLOR_NAME = AccentColor;
				CODE_SIGN_STYLE = Automatic;
				CURRENT_PROJECT_VERSION = 1;
				DEVELOPMENT_ASSET_PATHS = "\"SwiftUI Navigation/Preview Content\"";
				DEVELOPMENT_TEAM = YWY3ABU78Y;
				ENABLE_PREVIEWS = YES;
				GENERATE_INFOPLIST_FILE = YES;
				INFOPLIST_KEY_UIApplicationSceneManifest_Generation = YES;
				INFOPLIST_KEY_UIApplicationSupportsIndirectInputEvents = YES;
				INFOPLIST_KEY_UILaunchScreen_Generation = YES;
				INFOPLIST_KEY_UISupportedInterfaceOrientations = UIInterfaceOrientationPortrait;
				INFOPLIST_KEY_UISupportedInterfaceOrientations_iPad = "UIInterfaceOrientationLandscapeLeft UIInterfaceOrientationLandscapeRight UIInterfaceOrientationPortrait UIInterfaceOrientationPortraitUpsideDown";
				LD_RUNPATH_SEARCH_PATHS = (
					"$(inherited)",
					"@executable_path/Frameworks",
				);
				MARKETING_VERSION = 1.0;
				PRODUCT_BUNDLE_IDENTIFIER = "com.swiftandmemes.swiftuinavigation.SwiftUI-Navigation";
				PRODUCT_NAME = "$(TARGET_NAME)";
				SUPPORTED_PLATFORMS = "iphoneos iphonesimulator";
				SUPPORTS_MACCATALYST = NO;
				SUPPORTS_MAC_DESIGNED_FOR_IPHONE_IPAD = NO;
				SWIFT_EMIT_LOC_STRINGS = YES;
				SWIFT_VERSION = 5.0;
				TARGETED_DEVICE_FAMILY = 1;
			};
			name = Debug;
		};
		22A2410D29CD884F0062221A /* Release */ = {
			isa = XCBuildConfiguration;
			buildSettings = {
				ASSETCATALOG_COMPILER_APPICON_NAME = AppIcon;
				ASSETCATALOG_COMPILER_GLOBAL_ACCENT_COLOR_NAME = AccentColor;
				CODE_SIGN_STYLE = Automatic;
				CURRENT_PROJECT_VERSION = 1;
				DEVELOPMENT_ASSET_PATHS = "\"SwiftUI Navigation/Preview Content\"";
				DEVELOPMENT_TEAM = YWY3ABU78Y;
				ENABLE_PREVIEWS = YES;
				GENERATE_INFOPLIST_FILE = YES;
				INFOPLIST_KEY_UIApplicationSceneManifest_Generation = YES;
				INFOPLIST_KEY_UIApplicationSupportsIndirectInputEvents = YES;
				INFOPLIST_KEY_UILaunchScreen_Generation = YES;
				INFOPLIST_KEY_UISupportedInterfaceOrientations = UIInterfaceOrientationPortrait;
				INFOPLIST_KEY_UISupportedInterfaceOrientations_iPad = "UIInterfaceOrientationLandscapeLeft UIInterfaceOrientationLandscapeRight UIInterfaceOrientationPortrait UIInterfaceOrientationPortraitUpsideDown";
				LD_RUNPATH_SEARCH_PATHS = (
					"$(inherited)",
					"@executable_path/Frameworks",
				);
				MARKETING_VERSION = 1.0;
				PRODUCT_BUNDLE_IDENTIFIER = "com.swiftandmemes.swiftuinavigation.SwiftUI-Navigation";
				PRODUCT_NAME = "$(TARGET_NAME)";
				SUPPORTED_PLATFORMS = "iphoneos iphonesimulator";
				SUPPORTS_MACCATALYST = NO;
				SUPPORTS_MAC_DESIGNED_FOR_IPHONE_IPAD = NO;
				SWIFT_EMIT_LOC_STRINGS = YES;
				SWIFT_VERSION = 5.0;
				TARGETED_DEVICE_FAMILY = 1;
			};
			name = Release;
		};
		22A2410F29CD884F0062221A /* Debug */ = {
			isa = XCBuildConfiguration;
			buildSettings = {
				ALWAYS_EMBED_SWIFT_STANDARD_LIBRARIES = YES;
				BUNDLE_LOADER = "$(TEST_HOST)";
				CODE_SIGN_STYLE = Automatic;
				CURRENT_PROJECT_VERSION = 1;
				DEVELOPMENT_TEAM = YWY3ABU78Y;
				GENERATE_INFOPLIST_FILE = YES;
				IPHONEOS_DEPLOYMENT_TARGET = 16.0;
				MARKETING_VERSION = 1.0;
				PRODUCT_BUNDLE_IDENTIFIER = "com.swiftandmemes.swiftuinavigation.SwiftUI-NavigationTests";
				PRODUCT_NAME = "$(TARGET_NAME)";
				SUPPORTED_PLATFORMS = "iphoneos iphonesimulator";
				SUPPORTS_MACCATALYST = NO;
				SUPPORTS_MAC_DESIGNED_FOR_IPHONE_IPAD = NO;
				SWIFT_EMIT_LOC_STRINGS = NO;
				SWIFT_VERSION = 5.0;
				TARGETED_DEVICE_FAMILY = 1;
				TEST_HOST = "$(BUILT_PRODUCTS_DIR)/SwiftUI Navigation.app/$(BUNDLE_EXECUTABLE_FOLDER_PATH)/SwiftUI Navigation";
			};
			name = Debug;
		};
		22A2411029CD884F0062221A /* Release */ = {
			isa = XCBuildConfiguration;
			buildSettings = {
				ALWAYS_EMBED_SWIFT_STANDARD_LIBRARIES = YES;
				BUNDLE_LOADER = "$(TEST_HOST)";
				CODE_SIGN_STYLE = Automatic;
				CURRENT_PROJECT_VERSION = 1;
				DEVELOPMENT_TEAM = YWY3ABU78Y;
				GENERATE_INFOPLIST_FILE = YES;
				IPHONEOS_DEPLOYMENT_TARGET = 16.0;
				MARKETING_VERSION = 1.0;
				PRODUCT_BUNDLE_IDENTIFIER = "com.swiftandmemes.swiftuinavigation.SwiftUI-NavigationTests";
				PRODUCT_NAME = "$(TARGET_NAME)";
				SUPPORTED_PLATFORMS = "iphoneos iphonesimulator";
				SUPPORTS_MACCATALYST = NO;
				SUPPORTS_MAC_DESIGNED_FOR_IPHONE_IPAD = NO;
				SWIFT_EMIT_LOC_STRINGS = NO;
				SWIFT_VERSION = 5.0;
				TARGETED_DEVICE_FAMILY = 1;
				TEST_HOST = "$(BUILT_PRODUCTS_DIR)/SwiftUI Navigation.app/$(BUNDLE_EXECUTABLE_FOLDER_PATH)/SwiftUI Navigation";
			};
			name = Release;
		};
/* End XCBuildConfiguration section */

/* Begin XCConfigurationList section */
		22A240E229CD884E0062221A /* Build configuration list for PBXProject "SwiftUI Navigation" */ = {
			isa = XCConfigurationList;
			buildConfigurations = (
				22A2410929CD884F0062221A /* Debug */,
				22A2410A29CD884F0062221A /* Release */,
			);
			defaultConfigurationIsVisible = 0;
			defaultConfigurationName = Release;
		};
		22A2410B29CD884F0062221A /* Build configuration list for PBXNativeTarget "SwiftUI Navigation" */ = {
			isa = XCConfigurationList;
			buildConfigurations = (
				22A2410C29CD884F0062221A /* Debug */,
				22A2410D29CD884F0062221A /* Release */,
			);
			defaultConfigurationIsVisible = 0;
			defaultConfigurationName = Release;
		};
		22A2410E29CD884F0062221A /* Build configuration list for PBXNativeTarget "SwiftUI NavigationTests" */ = {
			isa = XCConfigurationList;
			buildConfigurations = (
				22A2410F29CD884F0062221A /* Debug */,
				22A2411029CD884F0062221A /* Release */,
			);
			defaultConfigurationIsVisible = 0;
			defaultConfigurationName = Release;
		};
/* End XCConfigurationList section */

/* Begin XCRemoteSwiftPackageReference section */
		22A2411F29D2D6B10062221A /* XCRemoteSwiftPackageReference "ng-ios-network-module" */ = {
			isa = XCRemoteSwiftPackageReference;
			repositoryURL = "https://github.com/netguru/ng-ios-network-module";
			requirement = {
				kind = upToNextMajorVersion;
				minimumVersion = 1.0.0;
			};
		};
		22EF8E0D29F2B375005039EF /* XCRemoteSwiftPackageReference "swift-snapshot-testing" */ = {
			isa = XCRemoteSwiftPackageReference;
			repositoryURL = "https://github.com/pointfreeco/swift-snapshot-testing";
			requirement = {
				kind = upToNextMajorVersion;
				minimumVersion = 1.0.0;
			};
		};
/* End XCRemoteSwiftPackageReference section */

/* Begin XCSwiftPackageProductDependency section */
		22A2412029D2D6B10062221A /* ConcurrentNgNetworkModule */ = {
			isa = XCSwiftPackageProductDependency;
			package = 22A2411F29D2D6B10062221A /* XCRemoteSwiftPackageReference "ng-ios-network-module" */;
			productName = ConcurrentNgNetworkModule;
		};
		22A2412229D2D6B10062221A /* NgNetworkModuleCore */ = {
			isa = XCSwiftPackageProductDependency;
			package = 22A2411F29D2D6B10062221A /* XCRemoteSwiftPackageReference "ng-ios-network-module" */;
			productName = NgNetworkModuleCore;
		};
		22EF8E0E29F2B375005039EF /* SnapshotTesting */ = {
			isa = XCSwiftPackageProductDependency;
			package = 22EF8E0D29F2B375005039EF /* XCRemoteSwiftPackageReference "swift-snapshot-testing" */;
			productName = SnapshotTesting;
		};
/* End XCSwiftPackageProductDependency section */
	};
	rootObject = 22A240DF29CD884E0062221A /* Project object */;
}
