// !$*UTF8*$!
{
	archiveVersion = 1;
	classes = {
	};
	objectVersion = 56;
	objects = {

/* Begin PBXBuildFile section */
		1E5F66A2F0689032EAED2041 /* PreviewFixtures.swift in Sources */ = {isa = PBXBuildFile; fileRef = 1E5F6B574E96AB1C8DC47384 /* PreviewFixtures.swift */; };
		1E5F674324488CED3B65E96D /* PopupRoute.swift in Sources */ = {isa = PBXBuildFile; fileRef = 1E5F6978DB94ED509A012D9D /* PopupRoute.swift */; };
		1E5F68000B7C9986CD5511E6 /* NavigationRoute.swift in Sources */ = {isa = PBXBuildFile; fileRef = 1E5F66A82E08E494DAA212F9 /* NavigationRoute.swift */; };
		1E5F6AA966C0CC94BE5433B8 /* PresentationMode.swift in Sources */ = {isa = PBXBuildFile; fileRef = 1E5F6A1A009372F471C0AB01 /* PresentationMode.swift */; };
		1E5F6DA01451D2A011DF4BEF /* NavigationRouter.swift in Sources */ = {isa = PBXBuildFile; fileRef = 1E5F632AA3F3569832746D24 /* NavigationRouter.swift */; };
		22A240EB29CD884E0062221A /* SwiftUINavigationApp.swift in Sources */ = {isa = PBXBuildFile; fileRef = 22A240EA29CD884E0062221A /* SwiftUINavigationApp.swift */; };
		22A240EF29CD884F0062221A /* Assets.xcassets in Resources */ = {isa = PBXBuildFile; fileRef = 22A240EE29CD884F0062221A /* Assets.xcassets */; };
		22A240F229CD884F0062221A /* Preview Assets.xcassets in Resources */ = {isa = PBXBuildFile; fileRef = 22A240F129CD884F0062221A /* Preview Assets.xcassets */; };
		22A240FC29CD884F0062221A /* SwiftUI_NavigationTests.swift in Sources */ = {isa = PBXBuildFile; fileRef = 22A240FB29CD884F0062221A /* SwiftUI_NavigationTests.swift */; };
		22A2411629CDB3D70062221A /* HomeView.swift in Sources */ = {isa = PBXBuildFile; fileRef = 22A2411529CDB3D70062221A /* HomeView.swift */; };
		22A2411829CDBF210062221A /* SwiftUIRouterHomeView.swift in Sources */ = {isa = PBXBuildFile; fileRef = 22A2411729CDBF210062221A /* SwiftUIRouterHomeView.swift */; };
		22A2411A29CDC0DF0062221A /* AssetsListView.swift in Sources */ = {isa = PBXBuildFile; fileRef = 22A2411929CDC0DF0062221A /* AssetsListView.swift */; };
		22A2411C29CDC5500062221A /* EditAssetView.swift in Sources */ = {isa = PBXBuildFile; fileRef = 22A2411B29CDC5500062221A /* EditAssetView.swift */; };
/* End PBXBuildFile section */

/* Begin PBXContainerItemProxy section */
		22A240F829CD884F0062221A /* PBXContainerItemProxy */ = {
			isa = PBXContainerItemProxy;
			containerPortal = 22A240DF29CD884E0062221A /* Project object */;
			proxyType = 1;
			remoteGlobalIDString = 22A240E629CD884E0062221A;
			remoteInfo = "SwiftUI Navigation";
		};
/* End PBXContainerItemProxy section */

/* Begin PBXFileReference section */
		1E5F632AA3F3569832746D24 /* NavigationRouter.swift */ = {isa = PBXFileReference; fileEncoding = 4; lastKnownFileType = sourcecode.swift; path = NavigationRouter.swift; sourceTree = "<group>"; };
		1E5F66A82E08E494DAA212F9 /* NavigationRoute.swift */ = {isa = PBXFileReference; fileEncoding = 4; lastKnownFileType = sourcecode.swift; path = NavigationRoute.swift; sourceTree = "<group>"; };
		1E5F6978DB94ED509A012D9D /* PopupRoute.swift */ = {isa = PBXFileReference; fileEncoding = 4; lastKnownFileType = sourcecode.swift; path = PopupRoute.swift; sourceTree = "<group>"; };
		1E5F6A1A009372F471C0AB01 /* PresentationMode.swift */ = {isa = PBXFileReference; fileEncoding = 4; lastKnownFileType = sourcecode.swift; path = PresentationMode.swift; sourceTree = "<group>"; };
		1E5F6B574E96AB1C8DC47384 /* PreviewFixtures.swift */ = {isa = PBXFileReference; fileEncoding = 4; lastKnownFileType = sourcecode.swift; path = PreviewFixtures.swift; sourceTree = "<group>"; };
		22A240E729CD884E0062221A /* SwiftUI Navigation.app */ = {isa = PBXFileReference; explicitFileType = wrapper.application; includeInIndex = 0; path = "SwiftUI Navigation.app"; sourceTree = BUILT_PRODUCTS_DIR; };
		22A240EA29CD884E0062221A /* SwiftUINavigationApp.swift */ = {isa = PBXFileReference; lastKnownFileType = sourcecode.swift; path = SwiftUINavigationApp.swift; sourceTree = "<group>"; };
		22A240EE29CD884F0062221A /* Assets.xcassets */ = {isa = PBXFileReference; lastKnownFileType = folder.assetcatalog; path = Assets.xcassets; sourceTree = "<group>"; };
		22A240F129CD884F0062221A /* Preview Assets.xcassets */ = {isa = PBXFileReference; lastKnownFileType = folder.assetcatalog; path = "Preview Assets.xcassets"; sourceTree = "<group>"; };
		22A240F729CD884F0062221A /* SwiftUI NavigationTests.xctest */ = {isa = PBXFileReference; explicitFileType = wrapper.cfbundle; includeInIndex = 0; path = "SwiftUI NavigationTests.xctest"; sourceTree = BUILT_PRODUCTS_DIR; };
		22A240FB29CD884F0062221A /* SwiftUI_NavigationTests.swift */ = {isa = PBXFileReference; lastKnownFileType = sourcecode.swift; path = SwiftUI_NavigationTests.swift; sourceTree = "<group>"; };
		22A2411529CDB3D70062221A /* HomeView.swift */ = {isa = PBXFileReference; lastKnownFileType = sourcecode.swift; path = HomeView.swift; sourceTree = "<group>"; };
		22A2411729CDBF210062221A /* SwiftUIRouterHomeView.swift */ = {isa = PBXFileReference; lastKnownFileType = sourcecode.swift; path = SwiftUIRouterHomeView.swift; sourceTree = "<group>"; };
		22A2411929CDC0DF0062221A /* AssetsListView.swift */ = {isa = PBXFileReference; lastKnownFileType = sourcecode.swift; path = AssetsListView.swift; sourceTree = "<group>"; };
		22A2411B29CDC5500062221A /* EditAssetView.swift */ = {isa = PBXFileReference; lastKnownFileType = sourcecode.swift; path = EditAssetView.swift; sourceTree = "<group>"; };
/* End PBXFileReference section */

/* Begin PBXFrameworksBuildPhase section */
		22A240E429CD884E0062221A /* Frameworks */ = {
			isa = PBXFrameworksBuildPhase;
			buildActionMask = 2147483647;
			files = (
			);
			runOnlyForDeploymentPostprocessing = 0;
		};
		22A240F429CD884F0062221A /* Frameworks */ = {
			isa = PBXFrameworksBuildPhase;
			buildActionMask = 2147483647;
			files = (
			);
			runOnlyForDeploymentPostprocessing = 0;
		};
/* End PBXFrameworksBuildPhase section */

/* Begin PBXGroup section */
		1E5F61D52FEFD8E3D2AA2FB4 /* Router */ = {
			isa = PBXGroup;
			children = (
				1E5F632AA3F3569832746D24 /* NavigationRouter.swift */,
				1E5F6978DB94ED509A012D9D /* PopupRoute.swift */,
				1E5F6A1A009372F471C0AB01 /* PresentationMode.swift */,
				1E5F66A82E08E494DAA212F9 /* NavigationRoute.swift */,
			);
			path = Router;
			sourceTree = "<group>";
		};
		1E5F67CB5BE27ED391CA89AF /* Preview Fixtures */ = {
			isa = PBXGroup;
			children = (
				1E5F6B574E96AB1C8DC47384 /* PreviewFixtures.swift */,
			);
			path = "Preview Fixtures";
			sourceTree = "<group>";
		};
		1E5F689E67F27902A4692485 /* SwiftUI Router */ = {
			isa = PBXGroup;
			children = (
				22A2411729CDBF210062221A /* SwiftUIRouterHomeView.swift */,
				1E5F61D52FEFD8E3D2AA2FB4 /* Router */,
			);
			path = "SwiftUI Router";
			sourceTree = "<group>";
		};
		1E5F6A63C041153C418F8AF3 /* Common */ = {
			isa = PBXGroup;
			children = (
				1E5F6CC09EB870FC8EF411FB /* Views */,
			);
			path = Common;
			sourceTree = "<group>";
		};
		1E5F6CC09EB870FC8EF411FB /* Views */ = {
			isa = PBXGroup;
			children = (
				22A2411929CDC0DF0062221A /* AssetsListView.swift */,
				22A2411B29CDC5500062221A /* EditAssetView.swift */,
			);
			path = Views;
			sourceTree = "<group>";
		};
		1E5F6DAF5C61A328502BE8B1 /* Home */ = {
			isa = PBXGroup;
			children = (
				22A2411529CDB3D70062221A /* HomeView.swift */,
			);
			path = Home;
			sourceTree = "<group>";
		};
		22A240DE29CD884E0062221A = {
			isa = PBXGroup;
			children = (
				22A240E929CD884E0062221A /* SwiftUI Navigation */,
				22A240FA29CD884F0062221A /* SwiftUI NavigationTests */,
				22A240E829CD884E0062221A /* Products */,
			);
			sourceTree = "<group>";
		};
		22A240E829CD884E0062221A /* Products */ = {
			isa = PBXGroup;
			children = (
				22A240E729CD884E0062221A /* SwiftUI Navigation.app */,
				22A240F729CD884F0062221A /* SwiftUI NavigationTests.xctest */,
			);
			name = Products;
			sourceTree = "<group>";
		};
		22A240E929CD884E0062221A /* SwiftUI Navigation */ = {
			isa = PBXGroup;
			children = (
				22A240EA29CD884E0062221A /* SwiftUINavigationApp.swift */,
				22A240EE29CD884F0062221A /* Assets.xcassets */,
				22A240F029CD884F0062221A /* Preview Content */,
				1E5F6DAF5C61A328502BE8B1 /* Home */,
				1E5F689E67F27902A4692485 /* SwiftUI Router */,
				1E5F6A63C041153C418F8AF3 /* Common */,
				1E5F67CB5BE27ED391CA89AF /* Preview Fixtures */,
			);
			path = "SwiftUI Navigation";
			sourceTree = "<group>";
		};
		22A240F029CD884F0062221A /* Preview Content */ = {
			isa = PBXGroup;
			children = (
				22A240F129CD884F0062221A /* Preview Assets.xcassets */,
			);
			path = "Preview Content";
			sourceTree = "<group>";
		};
		22A240FA29CD884F0062221A /* SwiftUI NavigationTests */ = {
			isa = PBXGroup;
			children = (
				22A240FB29CD884F0062221A /* SwiftUI_NavigationTests.swift */,
			);
			path = "SwiftUI NavigationTests";
			sourceTree = "<group>";
		};
/* End PBXGroup section */

/* Begin PBXNativeTarget section */
		22A240E629CD884E0062221A /* SwiftUI Navigation */ = {
			isa = PBXNativeTarget;
			buildConfigurationList = 22A2410B29CD884F0062221A /* Build configuration list for PBXNativeTarget "SwiftUI Navigation" */;
			buildPhases = (
				22A2411429CD8A4A0062221A /* Swift Format */,
				22A240E329CD884E0062221A /* Sources */,
				22A240E429CD884E0062221A /* Frameworks */,
				22A240E529CD884E0062221A /* Resources */,
			);
			buildRules = (
			);
			dependencies = (
			);
			name = "SwiftUI Navigation";
			productName = "SwiftUI Navigation";
			productReference = 22A240E729CD884E0062221A /* SwiftUI Navigation.app */;
			productType = "com.apple.product-type.application";
		};
		22A240F629CD884F0062221A /* SwiftUI NavigationTests */ = {
			isa = PBXNativeTarget;
			buildConfigurationList = 22A2410E29CD884F0062221A /* Build configuration list for PBXNativeTarget "SwiftUI NavigationTests" */;
			buildPhases = (
				22A240F329CD884F0062221A /* Sources */,
				22A240F429CD884F0062221A /* Frameworks */,
				22A240F529CD884F0062221A /* Resources */,
			);
			buildRules = (
			);
			dependencies = (
				22A240F929CD884F0062221A /* PBXTargetDependency */,
			);
			name = "SwiftUI NavigationTests";
			productName = "SwiftUI NavigationTests";
			productReference = 22A240F729CD884F0062221A /* SwiftUI NavigationTests.xctest */;
			productType = "com.apple.product-type.bundle.unit-test";
		};
/* End PBXNativeTarget section */

/* Begin PBXProject section */
		22A240DF29CD884E0062221A /* Project object */ = {
			isa = PBXProject;
			attributes = {
				BuildIndependentTargetsInParallel = 1;
				LastSwiftUpdateCheck = 1420;
				LastUpgradeCheck = 1420;
				TargetAttributes = {
					22A240E629CD884E0062221A = {
						CreatedOnToolsVersion = 14.2;
					};
					22A240F629CD884F0062221A = {
						CreatedOnToolsVersion = 14.2;
						TestTargetID = 22A240E629CD884E0062221A;
					};
				};
			};
			buildConfigurationList = 22A240E229CD884E0062221A /* Build configuration list for PBXProject "SwiftUI Navigation" */;
			compatibilityVersion = "Xcode 14.0";
			developmentRegion = en;
			hasScannedForEncodings = 0;
			knownRegions = (
				en,
				Base,
			);
			mainGroup = 22A240DE29CD884E0062221A;
			productRefGroup = 22A240E829CD884E0062221A /* Products */;
			projectDirPath = "";
			projectRoot = "";
			targets = (
				22A240E629CD884E0062221A /* SwiftUI Navigation */,
				22A240F629CD884F0062221A /* SwiftUI NavigationTests */,
			);
		};
/* End PBXProject section */

/* Begin PBXResourcesBuildPhase section */
		22A240E529CD884E0062221A /* Resources */ = {
			isa = PBXResourcesBuildPhase;
			buildActionMask = 2147483647;
			files = (
				22A240F229CD884F0062221A /* Preview Assets.xcassets in Resources */,
				22A240EF29CD884F0062221A /* Assets.xcassets in Resources */,
			);
			runOnlyForDeploymentPostprocessing = 0;
		};
		22A240F529CD884F0062221A /* Resources */ = {
			isa = PBXResourcesBuildPhase;
			buildActionMask = 2147483647;
			files = (
			);
			runOnlyForDeploymentPostprocessing = 0;
		};
/* End PBXResourcesBuildPhase section */

/* Begin PBXShellScriptBuildPhase section */
		22A2411429CD8A4A0062221A /* Swift Format */ = {
			isa = PBXShellScriptBuildPhase;
			alwaysOutOfDate = 1;
			buildActionMask = 2147483647;
			files = (
			);
			inputFileListPaths = (
			);
			inputPaths = (
			);
			name = "Swift Format";
			outputFileListPaths = (
			);
			outputPaths = (
			);
			runOnlyForDeploymentPostprocessing = 0;
			shellPath = /bin/sh;
			shellScript = "cd BuildTools\nSDKROOT=(xcrun --sdk macosx --show-sdk-path)\n#swift package update #Uncomment this line temporarily to update the version used to the latest matching your BuildTools/Package.swift file\nswift run -c release swiftformat \"$SRCROOT\"\n";
		};
/* End PBXShellScriptBuildPhase section */

/* Begin PBXSourcesBuildPhase section */
		22A240E329CD884E0062221A /* Sources */ = {
			isa = PBXSourcesBuildPhase;
			buildActionMask = 2147483647;
			files = (
				22A2411629CDB3D70062221A /* HomeView.swift in Sources */,
				22A2411A29CDC0DF0062221A /* AssetsListView.swift in Sources */,
				22A240EB29CD884E0062221A /* SwiftUINavigationApp.swift in Sources */,
				22A2411829CDBF210062221A /* SwiftUIRouterHomeView.swift in Sources */,
				1E5F6DA01451D2A011DF4BEF /* NavigationRouter.swift in Sources */,
				1E5F674324488CED3B65E96D /* PopupRoute.swift in Sources */,
				1E5F6AA966C0CC94BE5433B8 /* PresentationMode.swift in Sources */,
				22A2411C29CDC5500062221A /* EditAssetView.swift in Sources */,
				1E5F68000B7C9986CD5511E6 /* NavigationRoute.swift in Sources */,
				1E5F66A2F0689032EAED2041 /* PreviewFixtures.swift in Sources */,
			);
			runOnlyForDeploymentPostprocessing = 0;
		};
		22A240F329CD884F0062221A /* Sources */ = {
			isa = PBXSourcesBuildPhase;
			buildActionMask = 2147483647;
			files = (
				22A240FC29CD884F0062221A /* SwiftUI_NavigationTests.swift in Sources */,
			);
			runOnlyForDeploymentPostprocessing = 0;
		};
/* End PBXSourcesBuildPhase section */

/* Begin PBXTargetDependency section */
		22A240F929CD884F0062221A /* PBXTargetDependency */ = {
			isa = PBXTargetDependency;
			target = 22A240E629CD884E0062221A /* SwiftUI Navigation */;
			targetProxy = 22A240F829CD884F0062221A /* PBXContainerItemProxy */;
		};
/* End PBXTargetDependency section */

/* Begin XCBuildConfiguration section */
		22A2410929CD884F0062221A /* Debug */ = {
			isa = XCBuildConfiguration;
			buildSettings = {
				ALWAYS_SEARCH_USER_PATHS = NO;
				CLANG_ANALYZER_NONNULL = YES;
				CLANG_ANALYZER_NUMBER_OBJECT_CONVERSION = YES_AGGRESSIVE;
				CLANG_CXX_LANGUAGE_STANDARD = "gnu++20";
				CLANG_ENABLE_MODULES = YES;
				CLANG_ENABLE_OBJC_ARC = YES;
				CLANG_ENABLE_OBJC_WEAK = YES;
				CLANG_WARN_BLOCK_CAPTURE_AUTORELEASING = YES;
				CLANG_WARN_BOOL_CONVERSION = YES;
				CLANG_WARN_COMMA = YES;
				CLANG_WARN_CONSTANT_CONVERSION = YES;
				CLANG_WARN_DEPRECATED_OBJC_IMPLEMENTATIONS = YES;
				CLANG_WARN_DIRECT_OBJC_ISA_USAGE = YES_ERROR;
				CLANG_WARN_DOCUMENTATION_COMMENTS = YES;
				CLANG_WARN_EMPTY_BODY = YES;
				CLANG_WARN_ENUM_CONVERSION = YES;
				CLANG_WARN_INFINITE_RECURSION = YES;
				CLANG_WARN_INT_CONVERSION = YES;
				CLANG_WARN_NON_LITERAL_NULL_CONVERSION = YES;
				CLANG_WARN_OBJC_IMPLICIT_RETAIN_SELF = YES;
				CLANG_WARN_OBJC_LITERAL_CONVERSION = YES;
				CLANG_WARN_OBJC_ROOT_CLASS = YES_ERROR;
				CLANG_WARN_QUOTED_INCLUDE_IN_FRAMEWORK_HEADER = YES;
				CLANG_WARN_RANGE_LOOP_ANALYSIS = YES;
				CLANG_WARN_STRICT_PROTOTYPES = YES;
				CLANG_WARN_SUSPICIOUS_MOVE = YES;
				CLANG_WARN_UNGUARDED_AVAILABILITY = YES_AGGRESSIVE;
				CLANG_WARN_UNREACHABLE_CODE = YES;
				CLANG_WARN__DUPLICATE_METHOD_MATCH = YES;
				COPY_PHASE_STRIP = NO;
				DEBUG_INFORMATION_FORMAT = dwarf;
				ENABLE_STRICT_OBJC_MSGSEND = YES;
				ENABLE_TESTABILITY = YES;
				GCC_C_LANGUAGE_STANDARD = gnu11;
				GCC_DYNAMIC_NO_PIC = NO;
				GCC_NO_COMMON_BLOCKS = YES;
				GCC_OPTIMIZATION_LEVEL = 0;
				GCC_PREPROCESSOR_DEFINITIONS = (
					"DEBUG=1",
					"$(inherited)",
				);
				GCC_WARN_64_TO_32_BIT_CONVERSION = YES;
				GCC_WARN_ABOUT_RETURN_TYPE = YES_ERROR;
				GCC_WARN_UNDECLARED_SELECTOR = YES;
				GCC_WARN_UNINITIALIZED_AUTOS = YES_AGGRESSIVE;
				GCC_WARN_UNUSED_FUNCTION = YES;
				GCC_WARN_UNUSED_VARIABLE = YES;
				IPHONEOS_DEPLOYMENT_TARGET = 16.0;
				MTL_ENABLE_DEBUG_INFO = INCLUDE_SOURCE;
				MTL_FAST_MATH = YES;
				ONLY_ACTIVE_ARCH = YES;
				SDKROOT = iphoneos;
				SWIFT_ACTIVE_COMPILATION_CONDITIONS = DEBUG;
				SWIFT_OPTIMIZATION_LEVEL = "-Onone";
			};
			name = Debug;
		};
		22A2410A29CD884F0062221A /* Release */ = {
			isa = XCBuildConfiguration;
			buildSettings = {
				ALWAYS_SEARCH_USER_PATHS = NO;
				CLANG_ANALYZER_NONNULL = YES;
				CLANG_ANALYZER_NUMBER_OBJECT_CONVERSION = YES_AGGRESSIVE;
				CLANG_CXX_LANGUAGE_STANDARD = "gnu++20";
				CLANG_ENABLE_MODULES = YES;
				CLANG_ENABLE_OBJC_ARC = YES;
				CLANG_ENABLE_OBJC_WEAK = YES;
				CLANG_WARN_BLOCK_CAPTURE_AUTORELEASING = YES;
				CLANG_WARN_BOOL_CONVERSION = YES;
				CLANG_WARN_COMMA = YES;
				CLANG_WARN_CONSTANT_CONVERSION = YES;
				CLANG_WARN_DEPRECATED_OBJC_IMPLEMENTATIONS = YES;
				CLANG_WARN_DIRECT_OBJC_ISA_USAGE = YES_ERROR;
				CLANG_WARN_DOCUMENTATION_COMMENTS = YES;
				CLANG_WARN_EMPTY_BODY = YES;
				CLANG_WARN_ENUM_CONVERSION = YES;
				CLANG_WARN_INFINITE_RECURSION = YES;
				CLANG_WARN_INT_CONVERSION = YES;
				CLANG_WARN_NON_LITERAL_NULL_CONVERSION = YES;
				CLANG_WARN_OBJC_IMPLICIT_RETAIN_SELF = YES;
				CLANG_WARN_OBJC_LITERAL_CONVERSION = YES;
				CLANG_WARN_OBJC_ROOT_CLASS = YES_ERROR;
				CLANG_WARN_QUOTED_INCLUDE_IN_FRAMEWORK_HEADER = YES;
				CLANG_WARN_RANGE_LOOP_ANALYSIS = YES;
				CLANG_WARN_STRICT_PROTOTYPES = YES;
				CLANG_WARN_SUSPICIOUS_MOVE = YES;
				CLANG_WARN_UNGUARDED_AVAILABILITY = YES_AGGRESSIVE;
				CLANG_WARN_UNREACHABLE_CODE = YES;
				CLANG_WARN__DUPLICATE_METHOD_MATCH = YES;
				COPY_PHASE_STRIP = NO;
				DEBUG_INFORMATION_FORMAT = "dwarf-with-dsym";
				ENABLE_NS_ASSERTIONS = NO;
				ENABLE_STRICT_OBJC_MSGSEND = YES;
				GCC_C_LANGUAGE_STANDARD = gnu11;
				GCC_NO_COMMON_BLOCKS = YES;
				GCC_WARN_64_TO_32_BIT_CONVERSION = YES;
				GCC_WARN_ABOUT_RETURN_TYPE = YES_ERROR;
				GCC_WARN_UNDECLARED_SELECTOR = YES;
				GCC_WARN_UNINITIALIZED_AUTOS = YES_AGGRESSIVE;
				GCC_WARN_UNUSED_FUNCTION = YES;
				GCC_WARN_UNUSED_VARIABLE = YES;
				IPHONEOS_DEPLOYMENT_TARGET = 16.0;
				MTL_ENABLE_DEBUG_INFO = NO;
				MTL_FAST_MATH = YES;
				SDKROOT = iphoneos;
				SWIFT_COMPILATION_MODE = wholemodule;
				SWIFT_OPTIMIZATION_LEVEL = "-O";
				VALIDATE_PRODUCT = YES;
			};
			name = Release;
		};
		22A2410C29CD884F0062221A /* Debug */ = {
			isa = XCBuildConfiguration;
			buildSettings = {
				ASSETCATALOG_COMPILER_APPICON_NAME = AppIcon;
				ASSETCATALOG_COMPILER_GLOBAL_ACCENT_COLOR_NAME = AccentColor;
				CODE_SIGN_STYLE = Automatic;
				CURRENT_PROJECT_VERSION = 1;
				DEVELOPMENT_ASSET_PATHS = "\"SwiftUI Navigation/Preview Content\"";
				DEVELOPMENT_TEAM = YWY3ABU78Y;
				ENABLE_PREVIEWS = YES;
				GENERATE_INFOPLIST_FILE = YES;
				INFOPLIST_KEY_UIApplicationSceneManifest_Generation = YES;
				INFOPLIST_KEY_UIApplicationSupportsIndirectInputEvents = YES;
				INFOPLIST_KEY_UILaunchScreen_Generation = YES;
				INFOPLIST_KEY_UISupportedInterfaceOrientations = UIInterfaceOrientationPortrait;
				INFOPLIST_KEY_UISupportedInterfaceOrientations_iPad = "UIInterfaceOrientationLandscapeLeft UIInterfaceOrientationLandscapeRight UIInterfaceOrientationPortrait UIInterfaceOrientationPortraitUpsideDown";
				LD_RUNPATH_SEARCH_PATHS = (
					"$(inherited)",
					"@executable_path/Frameworks",
				);
				MARKETING_VERSION = 1.0;
				PRODUCT_BUNDLE_IDENTIFIER = "com.swiftandmemes.swiftuinavigation.SwiftUI-Navigation";
				PRODUCT_NAME = "$(TARGET_NAME)";
				SUPPORTED_PLATFORMS = "iphoneos iphonesimulator";
				SUPPORTS_MACCATALYST = NO;
				SUPPORTS_MAC_DESIGNED_FOR_IPHONE_IPAD = NO;
				SWIFT_EMIT_LOC_STRINGS = YES;
				SWIFT_VERSION = 5.0;
				TARGETED_DEVICE_FAMILY = 1;
			};
			name = Debug;
		};
		22A2410D29CD884F0062221A /* Release */ = {
			isa = XCBuildConfiguration;
			buildSettings = {
				ASSETCATALOG_COMPILER_APPICON_NAME = AppIcon;
				ASSETCATALOG_COMPILER_GLOBAL_ACCENT_COLOR_NAME = AccentColor;
				CODE_SIGN_STYLE = Automatic;
				CURRENT_PROJECT_VERSION = 1;
				DEVELOPMENT_ASSET_PATHS = "\"SwiftUI Navigation/Preview Content\"";
				DEVELOPMENT_TEAM = YWY3ABU78Y;
				ENABLE_PREVIEWS = YES;
				GENERATE_INFOPLIST_FILE = YES;
				INFOPLIST_KEY_UIApplicationSceneManifest_Generation = YES;
				INFOPLIST_KEY_UIApplicationSupportsIndirectInputEvents = YES;
				INFOPLIST_KEY_UILaunchScreen_Generation = YES;
				INFOPLIST_KEY_UISupportedInterfaceOrientations = UIInterfaceOrientationPortrait;
				INFOPLIST_KEY_UISupportedInterfaceOrientations_iPad = "UIInterfaceOrientationLandscapeLeft UIInterfaceOrientationLandscapeRight UIInterfaceOrientationPortrait UIInterfaceOrientationPortraitUpsideDown";
				LD_RUNPATH_SEARCH_PATHS = (
					"$(inherited)",
					"@executable_path/Frameworks",
				);
				MARKETING_VERSION = 1.0;
				PRODUCT_BUNDLE_IDENTIFIER = "com.swiftandmemes.swiftuinavigation.SwiftUI-Navigation";
				PRODUCT_NAME = "$(TARGET_NAME)";
				SUPPORTED_PLATFORMS = "iphoneos iphonesimulator";
				SUPPORTS_MACCATALYST = NO;
				SUPPORTS_MAC_DESIGNED_FOR_IPHONE_IPAD = NO;
				SWIFT_EMIT_LOC_STRINGS = YES;
				SWIFT_VERSION = 5.0;
				TARGETED_DEVICE_FAMILY = 1;
			};
			name = Release;
		};
		22A2410F29CD884F0062221A /* Debug */ = {
			isa = XCBuildConfiguration;
			buildSettings = {
				ALWAYS_EMBED_SWIFT_STANDARD_LIBRARIES = YES;
				BUNDLE_LOADER = "$(TEST_HOST)";
				CODE_SIGN_STYLE = Automatic;
				CURRENT_PROJECT_VERSION = 1;
				DEVELOPMENT_TEAM = YWY3ABU78Y;
				GENERATE_INFOPLIST_FILE = YES;
				IPHONEOS_DEPLOYMENT_TARGET = 16.0;
				MARKETING_VERSION = 1.0;
				PRODUCT_BUNDLE_IDENTIFIER = "com.swiftandmemes.swiftuinavigation.SwiftUI-NavigationTests";
				PRODUCT_NAME = "$(TARGET_NAME)";
				SUPPORTED_PLATFORMS = "iphoneos iphonesimulator";
				SUPPORTS_MACCATALYST = NO;
				SUPPORTS_MAC_DESIGNED_FOR_IPHONE_IPAD = NO;
				SWIFT_EMIT_LOC_STRINGS = NO;
				SWIFT_VERSION = 5.0;
				TARGETED_DEVICE_FAMILY = 1;
				TEST_HOST = "$(BUILT_PRODUCTS_DIR)/SwiftUI Navigation.app/$(BUNDLE_EXECUTABLE_FOLDER_PATH)/SwiftUI Navigation";
			};
			name = Debug;
		};
		22A2411029CD884F0062221A /* Release */ = {
			isa = XCBuildConfiguration;
			buildSettings = {
				ALWAYS_EMBED_SWIFT_STANDARD_LIBRARIES = YES;
				BUNDLE_LOADER = "$(TEST_HOST)";
				CODE_SIGN_STYLE = Automatic;
				CURRENT_PROJECT_VERSION = 1;
				DEVELOPMENT_TEAM = YWY3ABU78Y;
				GENERATE_INFOPLIST_FILE = YES;
				IPHONEOS_DEPLOYMENT_TARGET = 16.0;
				MARKETING_VERSION = 1.0;
				PRODUCT_BUNDLE_IDENTIFIER = "com.swiftandmemes.swiftuinavigation.SwiftUI-NavigationTests";
				PRODUCT_NAME = "$(TARGET_NAME)";
				SUPPORTED_PLATFORMS = "iphoneos iphonesimulator";
				SUPPORTS_MACCATALYST = NO;
				SUPPORTS_MAC_DESIGNED_FOR_IPHONE_IPAD = NO;
				SWIFT_EMIT_LOC_STRINGS = NO;
				SWIFT_VERSION = 5.0;
				TARGETED_DEVICE_FAMILY = 1;
				TEST_HOST = "$(BUILT_PRODUCTS_DIR)/SwiftUI Navigation.app/$(BUNDLE_EXECUTABLE_FOLDER_PATH)/SwiftUI Navigation";
			};
			name = Release;
		};
/* End XCBuildConfiguration section */

/* Begin XCConfigurationList section */
		22A240E229CD884E0062221A /* Build configuration list for PBXProject "SwiftUI Navigation" */ = {
			isa = XCConfigurationList;
			buildConfigurations = (
				22A2410929CD884F0062221A /* Debug */,
				22A2410A29CD884F0062221A /* Release */,
			);
			defaultConfigurationIsVisible = 0;
			defaultConfigurationName = Release;
		};
		22A2410B29CD884F0062221A /* Build configuration list for PBXNativeTarget "SwiftUI Navigation" */ = {
			isa = XCConfigurationList;
			buildConfigurations = (
				22A2410C29CD884F0062221A /* Debug */,
				22A2410D29CD884F0062221A /* Release */,
			);
			defaultConfigurationIsVisible = 0;
			defaultConfigurationName = Release;
		};
		22A2410E29CD884F0062221A /* Build configuration list for PBXNativeTarget "SwiftUI NavigationTests" */ = {
			isa = XCConfigurationList;
			buildConfigurations = (
				22A2410F29CD884F0062221A /* Debug */,
				22A2411029CD884F0062221A /* Release */,
			);
			defaultConfigurationIsVisible = 0;
			defaultConfigurationName = Release;
		};
/* End XCConfigurationList section */
	};
	rootObject = 22A240DF29CD884E0062221A /* Project object */;
}
